// !$*UTF8*$!
{
	archiveVersion = 1;
	classes = {
	};
	objectVersion = 50;
	objects = {

/* Begin PBXBuildFile section */
		BA2EEAD52432209400522A63 /* ViewAddressEditor.swift in Sources */ = {isa = PBXBuildFile; fileRef = BA2EEAD42432209400522A63 /* ViewAddressEditor.swift */; };
		BA2EEAD724330E8A00522A63 /* SideMenuPay.swift in Sources */ = {isa = PBXBuildFile; fileRef = BA2EEAD624330E8A00522A63 /* SideMenuPay.swift */; };
		BA2EEAD924330EB300522A63 /* SideMenuOpenTurnKey.swift in Sources */ = {isa = PBXBuildFile; fileRef = BA2EEAD824330EB300522A63 /* SideMenuOpenTurnKey.swift */; };
		BA2EEADB2433110800522A63 /* MenuItem.swift in Sources */ = {isa = PBXBuildFile; fileRef = BA2EEADA2433110800522A63 /* MenuItem.swift */; };
		BA2EEADD2433B07900522A63 /* MenuItemToggle.swift in Sources */ = {isa = PBXBuildFile; fileRef = BA2EEADC2433B07900522A63 /* MenuItemToggle.swift */; };
		BA3FC538243048AB00F41471 /* PageAddresses.swift in Sources */ = {isa = PBXBuildFile; fileRef = BA3FC537243048AB00F41471 /* PageAddresses.swift */; };
		BA3FC53A2430576100F41471 /* SearchBar.swift in Sources */ = {isa = PBXBuildFile; fileRef = BA3FC5392430576100F41471 /* SearchBar.swift */; };
		BA3FC53C243072BF00F41471 /* PageOpenTurnKey.swift in Sources */ = {isa = PBXBuildFile; fileRef = BA3FC53B243072BF00F41471 /* PageOpenTurnKey.swift */; };
		BA3FC53E2431004D00F41471 /* PagePay.swift in Sources */ = {isa = PBXBuildFile; fileRef = BA3FC53D2431004D00F41471 /* PagePay.swift */; };
		BA3FC5402431006000F41471 /* PageHistory.swift in Sources */ = {isa = PBXBuildFile; fileRef = BA3FC53F2431006000F41471 /* PageHistory.swift */; };
		BA40150A2431CA930094F6CF /* TextFieldBtcAddress.swift in Sources */ = {isa = PBXBuildFile; fileRef = BA4015092431CA910094F6CF /* TextFieldBtcAddress.swift */; };
		BA40150C2431D80C0094F6CF /* TextEstFeesInfo.swift in Sources */ = {isa = PBXBuildFile; fileRef = BA40150B2431D80C0094F6CF /* TextEstFeesInfo.swift */; };
		BA40150E2431E2B70094F6CF /* TextFieldPayAmount.swift in Sources */ = {isa = PBXBuildFile; fileRef = BA40150D2431E2B70094F6CF /* TextFieldPayAmount.swift */; };
		BA4015102431E3950094F6CF /* TextFieldWithBottomLine.swift in Sources */ = {isa = PBXBuildFile; fileRef = BA40150F2431E3950094F6CF /* TextFieldWithBottomLine.swift */; };
		BA9595E7242EFD8800C48B37 /* AppDelegate.swift in Sources */ = {isa = PBXBuildFile; fileRef = BA9595E6242EFD8800C48B37 /* AppDelegate.swift */; };
		BA9595E9242EFD8900C48B37 /* SceneDelegate.swift in Sources */ = {isa = PBXBuildFile; fileRef = BA9595E8242EFD8900C48B37 /* SceneDelegate.swift */; };
		BA9595EB242EFD8900C48B37 /* ContentView.swift in Sources */ = {isa = PBXBuildFile; fileRef = BA9595EA242EFD8900C48B37 /* ContentView.swift */; };
		BA9595ED242EFE4000C48B37 /* Assets.xcassets in Resources */ = {isa = PBXBuildFile; fileRef = BA9595EC242EFE4000C48B37 /* Assets.xcassets */; };
		BA9595F0242EFE4100C48B37 /* Preview Assets.xcassets in Resources */ = {isa = PBXBuildFile; fileRef = BA9595EF242EFE4100C48B37 /* Preview Assets.xcassets */; };
		BA9595F3242EFE4100C48B37 /* LaunchScreen.storyboard in Resources */ = {isa = PBXBuildFile; fileRef = BA9595F1242EFE4100C48B37 /* LaunchScreen.storyboard */; };
		BA9595FE242EFE4800C48B37 /* cryptoeconomyTests.swift in Sources */ = {isa = PBXBuildFile; fileRef = BA9595FD242EFE4800C48B37 /* cryptoeconomyTests.swift */; };
		BA959609242EFE4800C48B37 /* cryptoeconomyUITests.swift in Sources */ = {isa = PBXBuildFile; fileRef = BA959608242EFE4800C48B37 /* cryptoeconomyUITests.swift */; };
/* End PBXBuildFile section */

/* Begin PBXContainerItemProxy section */
		BA9595FA242EFE4800C48B37 /* PBXContainerItemProxy */ = {
			isa = PBXContainerItemProxy;
			containerPortal = BA9595DB242EFD8800C48B37 /* Project object */;
			proxyType = 1;
			remoteGlobalIDString = BA9595E2242EFD8800C48B37;
			remoteInfo = cryptoeconomy;
		};
		BA959605242EFE4800C48B37 /* PBXContainerItemProxy */ = {
			isa = PBXContainerItemProxy;
			containerPortal = BA9595DB242EFD8800C48B37 /* Project object */;
			proxyType = 1;
			remoteGlobalIDString = BA9595E2242EFD8800C48B37;
			remoteInfo = cryptoeconomy;
		};
/* End PBXContainerItemProxy section */

/* Begin PBXFileReference section */
		BA2EEAD42432209400522A63 /* ViewAddressEditor.swift */ = {isa = PBXFileReference; lastKnownFileType = sourcecode.swift; path = ViewAddressEditor.swift; sourceTree = "<group>"; };
		BA2EEAD624330E8A00522A63 /* SideMenuPay.swift */ = {isa = PBXFileReference; lastKnownFileType = sourcecode.swift; path = SideMenuPay.swift; sourceTree = "<group>"; };
		BA2EEAD824330EB300522A63 /* SideMenuOpenTurnKey.swift */ = {isa = PBXFileReference; lastKnownFileType = sourcecode.swift; path = SideMenuOpenTurnKey.swift; sourceTree = "<group>"; };
		BA2EEADA2433110800522A63 /* MenuItem.swift */ = {isa = PBXFileReference; lastKnownFileType = sourcecode.swift; path = MenuItem.swift; sourceTree = "<group>"; };
		BA2EEADC2433B07900522A63 /* MenuItemToggle.swift */ = {isa = PBXFileReference; lastKnownFileType = sourcecode.swift; path = MenuItemToggle.swift; sourceTree = "<group>"; };
		BA3FC537243048AB00F41471 /* PageAddresses.swift */ = {isa = PBXFileReference; lastKnownFileType = sourcecode.swift; path = PageAddresses.swift; sourceTree = "<group>"; };
		BA3FC5392430576100F41471 /* SearchBar.swift */ = {isa = PBXFileReference; lastKnownFileType = sourcecode.swift; path = SearchBar.swift; sourceTree = "<group>"; };
		BA3FC53B243072BF00F41471 /* PageOpenTurnKey.swift */ = {isa = PBXFileReference; lastKnownFileType = sourcecode.swift; path = PageOpenTurnKey.swift; sourceTree = "<group>"; };
		BA3FC53D2431004D00F41471 /* PagePay.swift */ = {isa = PBXFileReference; lastKnownFileType = sourcecode.swift; path = PagePay.swift; sourceTree = "<group>"; };
		BA3FC53F2431006000F41471 /* PageHistory.swift */ = {isa = PBXFileReference; lastKnownFileType = sourcecode.swift; path = PageHistory.swift; sourceTree = "<group>"; };
		BA4015092431CA910094F6CF /* TextFieldBtcAddress.swift */ = {isa = PBXFileReference; lastKnownFileType = sourcecode.swift; path = TextFieldBtcAddress.swift; sourceTree = "<group>"; };
		BA40150B2431D80C0094F6CF /* TextEstFeesInfo.swift */ = {isa = PBXFileReference; lastKnownFileType = sourcecode.swift; path = TextEstFeesInfo.swift; sourceTree = "<group>"; };
		BA40150D2431E2B70094F6CF /* TextFieldPayAmount.swift */ = {isa = PBXFileReference; lastKnownFileType = sourcecode.swift; path = TextFieldPayAmount.swift; sourceTree = "<group>"; };
		BA40150F2431E3950094F6CF /* TextFieldWithBottomLine.swift */ = {isa = PBXFileReference; lastKnownFileType = sourcecode.swift; path = TextFieldWithBottomLine.swift; sourceTree = "<group>"; };
		BA9595E3242EFD8800C48B37 /* Crypto Economy.app */ = {isa = PBXFileReference; explicitFileType = wrapper.application; includeInIndex = 0; path = "Crypto Economy.app"; sourceTree = BUILT_PRODUCTS_DIR; };
		BA9595E6242EFD8800C48B37 /* AppDelegate.swift */ = {isa = PBXFileReference; lastKnownFileType = sourcecode.swift; path = AppDelegate.swift; sourceTree = "<group>"; };
		BA9595E8242EFD8900C48B37 /* SceneDelegate.swift */ = {isa = PBXFileReference; lastKnownFileType = sourcecode.swift; path = SceneDelegate.swift; sourceTree = "<group>"; };
		BA9595EA242EFD8900C48B37 /* ContentView.swift */ = {isa = PBXFileReference; lastKnownFileType = sourcecode.swift; path = ContentView.swift; sourceTree = "<group>"; };
		BA9595EC242EFE4000C48B37 /* Assets.xcassets */ = {isa = PBXFileReference; lastKnownFileType = folder.assetcatalog; path = Assets.xcassets; sourceTree = "<group>"; };
		BA9595EF242EFE4100C48B37 /* Preview Assets.xcassets */ = {isa = PBXFileReference; lastKnownFileType = folder.assetcatalog; path = "Preview Assets.xcassets"; sourceTree = "<group>"; };
		BA9595F2242EFE4100C48B37 /* Base */ = {isa = PBXFileReference; lastKnownFileType = file.storyboard; name = Base; path = Base.lproj/LaunchScreen.storyboard; sourceTree = "<group>"; };
		BA9595F4242EFE4100C48B37 /* Info.plist */ = {isa = PBXFileReference; lastKnownFileType = text.plist.xml; path = Info.plist; sourceTree = "<group>"; };
		BA9595F9242EFE4800C48B37 /* cryptoeconomyTests.xctest */ = {isa = PBXFileReference; explicitFileType = wrapper.cfbundle; includeInIndex = 0; path = cryptoeconomyTests.xctest; sourceTree = BUILT_PRODUCTS_DIR; };
		BA9595FD242EFE4800C48B37 /* cryptoeconomyTests.swift */ = {isa = PBXFileReference; lastKnownFileType = sourcecode.swift; path = cryptoeconomyTests.swift; sourceTree = "<group>"; };
		BA9595FF242EFE4800C48B37 /* Info.plist */ = {isa = PBXFileReference; lastKnownFileType = text.plist.xml; path = Info.plist; sourceTree = "<group>"; };
		BA959604242EFE4800C48B37 /* cryptoeconomyUITests.xctest */ = {isa = PBXFileReference; explicitFileType = wrapper.cfbundle; includeInIndex = 0; path = cryptoeconomyUITests.xctest; sourceTree = BUILT_PRODUCTS_DIR; };
		BA959608242EFE4800C48B37 /* cryptoeconomyUITests.swift */ = {isa = PBXFileReference; lastKnownFileType = sourcecode.swift; path = cryptoeconomyUITests.swift; sourceTree = "<group>"; };
		BA95960A242EFE4800C48B37 /* Info.plist */ = {isa = PBXFileReference; lastKnownFileType = text.plist.xml; path = Info.plist; sourceTree = "<group>"; };
/* End PBXFileReference section */

/* Begin PBXFrameworksBuildPhase section */
		BA9595E0242EFD8800C48B37 /* Frameworks */ = {
			isa = PBXFrameworksBuildPhase;
			buildActionMask = 2147483647;
			files = (
			);
			runOnlyForDeploymentPostprocessing = 0;
		};
		BA9595F6242EFE4800C48B37 /* Frameworks */ = {
			isa = PBXFrameworksBuildPhase;
			buildActionMask = 2147483647;
			files = (
			);
			runOnlyForDeploymentPostprocessing = 0;
		};
		BA959601242EFE4800C48B37 /* Frameworks */ = {
			isa = PBXFrameworksBuildPhase;
			buildActionMask = 2147483647;
			files = (
			);
			runOnlyForDeploymentPostprocessing = 0;
		};
/* End PBXFrameworksBuildPhase section */

/* Begin PBXGroup section */
		BA9595DA242EFD8800C48B37 = {
			isa = PBXGroup;
			children = (
				BA9595E5242EFD8800C48B37 /* cryptoeconomy */,
				BA9595FC242EFE4800C48B37 /* cryptoeconomyTests */,
				BA959607242EFE4800C48B37 /* cryptoeconomyUITests */,
				BA9595E4242EFD8800C48B37 /* Products */,
			);
			sourceTree = "<group>";
		};
		BA9595E4242EFD8800C48B37 /* Products */ = {
			isa = PBXGroup;
			children = (
				BA9595E3242EFD8800C48B37 /* Crypto Economy.app */,
				BA9595F9242EFE4800C48B37 /* cryptoeconomyTests.xctest */,
				BA959604242EFE4800C48B37 /* cryptoeconomyUITests.xctest */,
			);
			name = Products;
			sourceTree = "<group>";
		};
		BA9595E5242EFD8800C48B37 /* cryptoeconomy */ = {
			isa = PBXGroup;
			children = (
				BA9595E6242EFD8800C48B37 /* AppDelegate.swift */,
				BA9595E8242EFD8900C48B37 /* SceneDelegate.swift */,
				BA9595EA242EFD8900C48B37 /* ContentView.swift */,
				BA4015092431CA910094F6CF /* TextFieldBtcAddress.swift */,
				BA40150B2431D80C0094F6CF /* TextEstFeesInfo.swift */,
				BA3FC53D2431004D00F41471 /* PagePay.swift */,
				BA40150D2431E2B70094F6CF /* TextFieldPayAmount.swift */,
				BA40150F2431E3950094F6CF /* TextFieldWithBottomLine.swift */,
				BA3FC53F2431006000F41471 /* PageHistory.swift */,
				BA2EEAD624330E8A00522A63 /* SideMenuPay.swift */,
				BA2EEAD824330EB300522A63 /* SideMenuOpenTurnKey.swift */,
				BA2EEADA2433110800522A63 /* MenuItem.swift */,
				BA2EEADC2433B07900522A63 /* MenuItemToggle.swift */,
				BA3FC53B243072BF00F41471 /* PageOpenTurnKey.swift */,
				BA2EEAD42432209400522A63 /* ViewAddressEditor.swift */,
				BA3FC537243048AB00F41471 /* PageAddresses.swift */,
				BA3FC5392430576100F41471 /* SearchBar.swift */,
				BA9595EC242EFE4000C48B37 /* Assets.xcassets */,
				BA9595F1242EFE4100C48B37 /* LaunchScreen.storyboard */,
				BA9595F4242EFE4100C48B37 /* Info.plist */,
				BA9595EE242EFE4100C48B37 /* Preview Content */,
			);
			path = cryptoeconomy;
			sourceTree = "<group>";
		};
		BA9595EE242EFE4100C48B37 /* Preview Content */ = {
			isa = PBXGroup;
			children = (
				BA9595EF242EFE4100C48B37 /* Preview Assets.xcassets */,
			);
			path = "Preview Content";
			sourceTree = "<group>";
		};
		BA9595FC242EFE4800C48B37 /* cryptoeconomyTests */ = {
			isa = PBXGroup;
			children = (
				BA9595FD242EFE4800C48B37 /* cryptoeconomyTests.swift */,
				BA9595FF242EFE4800C48B37 /* Info.plist */,
			);
			path = cryptoeconomyTests;
			sourceTree = "<group>";
		};
		BA959607242EFE4800C48B37 /* cryptoeconomyUITests */ = {
			isa = PBXGroup;
			children = (
				BA959608242EFE4800C48B37 /* cryptoeconomyUITests.swift */,
				BA95960A242EFE4800C48B37 /* Info.plist */,
			);
			path = cryptoeconomyUITests;
			sourceTree = "<group>";
		};
/* End PBXGroup section */

/* Begin PBXNativeTarget section */
		BA9595E2242EFD8800C48B37 /* cryptoeconomy */ = {
			isa = PBXNativeTarget;
			buildConfigurationList = BA95960D242EFE4800C48B37 /* Build configuration list for PBXNativeTarget "cryptoeconomy" */;
			buildPhases = (
				BA9595DF242EFD8800C48B37 /* Sources */,
				BA9595E0242EFD8800C48B37 /* Frameworks */,
				BA9595E1242EFD8800C48B37 /* Resources */,
			);
			buildRules = (
			);
			dependencies = (
			);
			name = cryptoeconomy;
			productName = cryptoeconomy;
			productReference = BA9595E3242EFD8800C48B37 /* Crypto Economy.app */;
			productType = "com.apple.product-type.application";
		};
		BA9595F8242EFE4800C48B37 /* cryptoeconomyTests */ = {
			isa = PBXNativeTarget;
			buildConfigurationList = BA959610242EFE4800C48B37 /* Build configuration list for PBXNativeTarget "cryptoeconomyTests" */;
			buildPhases = (
				BA9595F5242EFE4800C48B37 /* Sources */,
				BA9595F6242EFE4800C48B37 /* Frameworks */,
				BA9595F7242EFE4800C48B37 /* Resources */,
			);
			buildRules = (
			);
			dependencies = (
				BA9595FB242EFE4800C48B37 /* PBXTargetDependency */,
			);
			name = cryptoeconomyTests;
			productName = cryptoeconomyTests;
			productReference = BA9595F9242EFE4800C48B37 /* cryptoeconomyTests.xctest */;
			productType = "com.apple.product-type.bundle.unit-test";
		};
		BA959603242EFE4800C48B37 /* cryptoeconomyUITests */ = {
			isa = PBXNativeTarget;
			buildConfigurationList = BA959613242EFE4800C48B37 /* Build configuration list for PBXNativeTarget "cryptoeconomyUITests" */;
			buildPhases = (
				BA959600242EFE4800C48B37 /* Sources */,
				BA959601242EFE4800C48B37 /* Frameworks */,
				BA959602242EFE4800C48B37 /* Resources */,
			);
			buildRules = (
			);
			dependencies = (
				BA959606242EFE4800C48B37 /* PBXTargetDependency */,
			);
			name = cryptoeconomyUITests;
			productName = cryptoeconomyUITests;
			productReference = BA959604242EFE4800C48B37 /* cryptoeconomyUITests.xctest */;
			productType = "com.apple.product-type.bundle.ui-testing";
		};
/* End PBXNativeTarget section */

/* Begin PBXProject section */
		BA9595DB242EFD8800C48B37 /* Project object */ = {
			isa = PBXProject;
			attributes = {
				LastSwiftUpdateCheck = 1140;
				LastUpgradeCheck = 1140;
				ORGANIZATIONNAME = "Cyphereco OU";
				TargetAttributes = {
					BA9595E2242EFD8800C48B37 = {
						CreatedOnToolsVersion = 11.4;
					};
					BA9595F8242EFE4800C48B37 = {
						CreatedOnToolsVersion = 11.4;
						TestTargetID = BA9595E2242EFD8800C48B37;
					};
					BA959603242EFE4800C48B37 = {
						CreatedOnToolsVersion = 11.4;
						TestTargetID = BA9595E2242EFD8800C48B37;
					};
				};
			};
			buildConfigurationList = BA9595DE242EFD8800C48B37 /* Build configuration list for PBXProject "cryptoeconomy" */;
			compatibilityVersion = "Xcode 9.3";
			developmentRegion = en;
			hasScannedForEncodings = 0;
			knownRegions = (
				en,
				Base,
			);
			mainGroup = BA9595DA242EFD8800C48B37;
			productRefGroup = BA9595E4242EFD8800C48B37 /* Products */;
			projectDirPath = "";
			projectRoot = "";
			targets = (
				BA9595E2242EFD8800C48B37 /* cryptoeconomy */,
				BA9595F8242EFE4800C48B37 /* cryptoeconomyTests */,
				BA959603242EFE4800C48B37 /* cryptoeconomyUITests */,
			);
		};
/* End PBXProject section */

/* Begin PBXResourcesBuildPhase section */
		BA9595E1242EFD8800C48B37 /* Resources */ = {
			isa = PBXResourcesBuildPhase;
			buildActionMask = 2147483647;
			files = (
				BA9595F3242EFE4100C48B37 /* LaunchScreen.storyboard in Resources */,
				BA9595F0242EFE4100C48B37 /* Preview Assets.xcassets in Resources */,
				BA9595ED242EFE4000C48B37 /* Assets.xcassets in Resources */,
			);
			runOnlyForDeploymentPostprocessing = 0;
		};
		BA9595F7242EFE4800C48B37 /* Resources */ = {
			isa = PBXResourcesBuildPhase;
			buildActionMask = 2147483647;
			files = (
			);
			runOnlyForDeploymentPostprocessing = 0;
		};
		BA959602242EFE4800C48B37 /* Resources */ = {
			isa = PBXResourcesBuildPhase;
			buildActionMask = 2147483647;
			files = (
			);
			runOnlyForDeploymentPostprocessing = 0;
		};
/* End PBXResourcesBuildPhase section */

/* Begin PBXSourcesBuildPhase section */
		BA9595DF242EFD8800C48B37 /* Sources */ = {
			isa = PBXSourcesBuildPhase;
			buildActionMask = 2147483647;
			files = (
				BA40150C2431D80C0094F6CF /* TextEstFeesInfo.swift in Sources */,
				BA3FC53E2431004D00F41471 /* PagePay.swift in Sources */,
				BA4015102431E3950094F6CF /* TextFieldWithBottomLine.swift in Sources */,
				BA2EEADD2433B07900522A63 /* MenuItemToggle.swift in Sources */,
				BA9595E7242EFD8800C48B37 /* AppDelegate.swift in Sources */,
				BA2EEAD52432209400522A63 /* ViewAddressEditor.swift in Sources */,
				BA3FC53C243072BF00F41471 /* PageOpenTurnKey.swift in Sources */,
				BA3FC5402431006000F41471 /* PageHistory.swift in Sources */,
				BA40150A2431CA930094F6CF /* TextFieldBtcAddress.swift in Sources */,
				BA2EEAD924330EB300522A63 /* SideMenuOpenTurnKey.swift in Sources */,
				BA3FC538243048AB00F41471 /* PageAddresses.swift in Sources */,
				BA2EEAD724330E8A00522A63 /* SideMenuPay.swift in Sources */,
				BA40150E2431E2B70094F6CF /* TextFieldPayAmount.swift in Sources */,
				BA3FC53A2430576100F41471 /* SearchBar.swift in Sources */,
				BA2EEADB2433110800522A63 /* MenuItem.swift in Sources */,
				BA9595E9242EFD8900C48B37 /* SceneDelegate.swift in Sources */,
				BA9595EB242EFD8900C48B37 /* ContentView.swift in Sources */,
			);
			runOnlyForDeploymentPostprocessing = 0;
		};
		BA9595F5242EFE4800C48B37 /* Sources */ = {
			isa = PBXSourcesBuildPhase;
			buildActionMask = 2147483647;
			files = (
				BA9595FE242EFE4800C48B37 /* cryptoeconomyTests.swift in Sources */,
			);
			runOnlyForDeploymentPostprocessing = 0;
		};
		BA959600242EFE4800C48B37 /* Sources */ = {
			isa = PBXSourcesBuildPhase;
			buildActionMask = 2147483647;
			files = (
				BA959609242EFE4800C48B37 /* cryptoeconomyUITests.swift in Sources */,
			);
			runOnlyForDeploymentPostprocessing = 0;
		};
/* End PBXSourcesBuildPhase section */

/* Begin PBXTargetDependency section */
		BA9595FB242EFE4800C48B37 /* PBXTargetDependency */ = {
			isa = PBXTargetDependency;
			target = BA9595E2242EFD8800C48B37 /* cryptoeconomy */;
			targetProxy = BA9595FA242EFE4800C48B37 /* PBXContainerItemProxy */;
		};
		BA959606242EFE4800C48B37 /* PBXTargetDependency */ = {
			isa = PBXTargetDependency;
			target = BA9595E2242EFD8800C48B37 /* cryptoeconomy */;
			targetProxy = BA959605242EFE4800C48B37 /* PBXContainerItemProxy */;
		};
/* End PBXTargetDependency section */

/* Begin PBXVariantGroup section */
		BA9595F1242EFE4100C48B37 /* LaunchScreen.storyboard */ = {
			isa = PBXVariantGroup;
			children = (
				BA9595F2242EFE4100C48B37 /* Base */,
			);
			name = LaunchScreen.storyboard;
			sourceTree = "<group>";
		};
/* End PBXVariantGroup section */

/* Begin XCBuildConfiguration section */
		BA95960B242EFE4800C48B37 /* Debug */ = {
			isa = XCBuildConfiguration;
			buildSettings = {
				ALWAYS_SEARCH_USER_PATHS = NO;
				CLANG_ANALYZER_NONNULL = YES;
				CLANG_ANALYZER_NUMBER_OBJECT_CONVERSION = YES_AGGRESSIVE;
				CLANG_CXX_LANGUAGE_STANDARD = "gnu++14";
				CLANG_CXX_LIBRARY = "libc++";
				CLANG_ENABLE_MODULES = YES;
				CLANG_ENABLE_OBJC_ARC = YES;
				CLANG_ENABLE_OBJC_WEAK = YES;
				CLANG_WARN_BLOCK_CAPTURE_AUTORELEASING = YES;
				CLANG_WARN_BOOL_CONVERSION = YES;
				CLANG_WARN_COMMA = YES;
				CLANG_WARN_CONSTANT_CONVERSION = YES;
				CLANG_WARN_DEPRECATED_OBJC_IMPLEMENTATIONS = YES;
				CLANG_WARN_DIRECT_OBJC_ISA_USAGE = YES_ERROR;
				CLANG_WARN_DOCUMENTATION_COMMENTS = YES;
				CLANG_WARN_EMPTY_BODY = YES;
				CLANG_WARN_ENUM_CONVERSION = YES;
				CLANG_WARN_INFINITE_RECURSION = YES;
				CLANG_WARN_INT_CONVERSION = YES;
				CLANG_WARN_NON_LITERAL_NULL_CONVERSION = YES;
				CLANG_WARN_OBJC_IMPLICIT_RETAIN_SELF = YES;
				CLANG_WARN_OBJC_LITERAL_CONVERSION = YES;
				CLANG_WARN_OBJC_ROOT_CLASS = YES_ERROR;
				CLANG_WARN_RANGE_LOOP_ANALYSIS = YES;
				CLANG_WARN_STRICT_PROTOTYPES = YES;
				CLANG_WARN_SUSPICIOUS_MOVE = YES;
				CLANG_WARN_UNGUARDED_AVAILABILITY = YES_AGGRESSIVE;
				CLANG_WARN_UNREACHABLE_CODE = YES;
				CLANG_WARN__DUPLICATE_METHOD_MATCH = YES;
				COPY_PHASE_STRIP = NO;
				DEBUG_INFORMATION_FORMAT = dwarf;
				ENABLE_STRICT_OBJC_MSGSEND = YES;
				ENABLE_TESTABILITY = YES;
				GCC_C_LANGUAGE_STANDARD = gnu11;
				GCC_DYNAMIC_NO_PIC = NO;
				GCC_NO_COMMON_BLOCKS = YES;
				GCC_OPTIMIZATION_LEVEL = 0;
				GCC_PREPROCESSOR_DEFINITIONS = (
					"DEBUG=1",
					"$(inherited)",
				);
				GCC_WARN_64_TO_32_BIT_CONVERSION = YES;
				GCC_WARN_ABOUT_RETURN_TYPE = YES_ERROR;
				GCC_WARN_UNDECLARED_SELECTOR = YES;
				GCC_WARN_UNINITIALIZED_AUTOS = YES_AGGRESSIVE;
				GCC_WARN_UNUSED_FUNCTION = YES;
				GCC_WARN_UNUSED_VARIABLE = YES;
				IPHONEOS_DEPLOYMENT_TARGET = 13.4;
				MTL_ENABLE_DEBUG_INFO = INCLUDE_SOURCE;
				MTL_FAST_MATH = YES;
				ONLY_ACTIVE_ARCH = YES;
				SDKROOT = iphoneos;
				SWIFT_ACTIVE_COMPILATION_CONDITIONS = DEBUG;
				SWIFT_OPTIMIZATION_LEVEL = "-Onone";
			};
			name = Debug;
		};
		BA95960C242EFE4800C48B37 /* Release */ = {
			isa = XCBuildConfiguration;
			buildSettings = {
				ALWAYS_SEARCH_USER_PATHS = NO;
				CLANG_ANALYZER_NONNULL = YES;
				CLANG_ANALYZER_NUMBER_OBJECT_CONVERSION = YES_AGGRESSIVE;
				CLANG_CXX_LANGUAGE_STANDARD = "gnu++14";
				CLANG_CXX_LIBRARY = "libc++";
				CLANG_ENABLE_MODULES = YES;
				CLANG_ENABLE_OBJC_ARC = YES;
				CLANG_ENABLE_OBJC_WEAK = YES;
				CLANG_WARN_BLOCK_CAPTURE_AUTORELEASING = YES;
				CLANG_WARN_BOOL_CONVERSION = YES;
				CLANG_WARN_COMMA = YES;
				CLANG_WARN_CONSTANT_CONVERSION = YES;
				CLANG_WARN_DEPRECATED_OBJC_IMPLEMENTATIONS = YES;
				CLANG_WARN_DIRECT_OBJC_ISA_USAGE = YES_ERROR;
				CLANG_WARN_DOCUMENTATION_COMMENTS = YES;
				CLANG_WARN_EMPTY_BODY = YES;
				CLANG_WARN_ENUM_CONVERSION = YES;
				CLANG_WARN_INFINITE_RECURSION = YES;
				CLANG_WARN_INT_CONVERSION = YES;
				CLANG_WARN_NON_LITERAL_NULL_CONVERSION = YES;
				CLANG_WARN_OBJC_IMPLICIT_RETAIN_SELF = YES;
				CLANG_WARN_OBJC_LITERAL_CONVERSION = YES;
				CLANG_WARN_OBJC_ROOT_CLASS = YES_ERROR;
				CLANG_WARN_RANGE_LOOP_ANALYSIS = YES;
				CLANG_WARN_STRICT_PROTOTYPES = YES;
				CLANG_WARN_SUSPICIOUS_MOVE = YES;
				CLANG_WARN_UNGUARDED_AVAILABILITY = YES_AGGRESSIVE;
				CLANG_WARN_UNREACHABLE_CODE = YES;
				CLANG_WARN__DUPLICATE_METHOD_MATCH = YES;
				COPY_PHASE_STRIP = NO;
				DEBUG_INFORMATION_FORMAT = "dwarf-with-dsym";
				ENABLE_NS_ASSERTIONS = NO;
				ENABLE_STRICT_OBJC_MSGSEND = YES;
				GCC_C_LANGUAGE_STANDARD = gnu11;
				GCC_NO_COMMON_BLOCKS = YES;
				GCC_WARN_64_TO_32_BIT_CONVERSION = YES;
				GCC_WARN_ABOUT_RETURN_TYPE = YES_ERROR;
				GCC_WARN_UNDECLARED_SELECTOR = YES;
				GCC_WARN_UNINITIALIZED_AUTOS = YES_AGGRESSIVE;
				GCC_WARN_UNUSED_FUNCTION = YES;
				GCC_WARN_UNUSED_VARIABLE = YES;
				IPHONEOS_DEPLOYMENT_TARGET = 13.4;
				MTL_ENABLE_DEBUG_INFO = NO;
				MTL_FAST_MATH = YES;
				SDKROOT = iphoneos;
				SWIFT_COMPILATION_MODE = wholemodule;
				SWIFT_OPTIMIZATION_LEVEL = "-O";
				VALIDATE_PRODUCT = YES;
			};
			name = Release;
		};
		BA95960E242EFE4800C48B37 /* Debug */ = {
			isa = XCBuildConfiguration;
			buildSettings = {
				ASSETCATALOG_COMPILER_APPICON_NAME = AppIcon;
				CODE_SIGN_STYLE = Automatic;
				DEVELOPMENT_ASSET_PATHS = "\"cryptoeconomy/Preview Content\"";
				DEVELOPMENT_TEAM = P2UPNJ5555;
				ENABLE_PREVIEWS = YES;
				INFOPLIST_FILE = cryptoeconomy/Info.plist;
				IPHONEOS_DEPLOYMENT_TARGET = 13.0;
				LD_RUNPATH_SEARCH_PATHS = (
					"$(inherited)",
					"@executable_path/Frameworks",
				);
				PRODUCT_BUNDLE_IDENTIFIER = com.cyphereco.cryptoeconomy;
				PRODUCT_NAME = "Crypto Economy";
				SWIFT_VERSION = 5.0;
				TARGETED_DEVICE_FAMILY = 1;
			};
			name = Debug;
		};
		BA95960F242EFE4800C48B37 /* Release */ = {
			isa = XCBuildConfiguration;
			buildSettings = {
				ASSETCATALOG_COMPILER_APPICON_NAME = AppIcon;
				CODE_SIGN_STYLE = Automatic;
				DEVELOPMENT_ASSET_PATHS = "\"cryptoeconomy/Preview Content\"";
				DEVELOPMENT_TEAM = P2UPNJ5555;
				ENABLE_PREVIEWS = YES;
				INFOPLIST_FILE = cryptoeconomy/Info.plist;
				IPHONEOS_DEPLOYMENT_TARGET = 13.0;
				LD_RUNPATH_SEARCH_PATHS = (
					"$(inherited)",
					"@executable_path/Frameworks",
				);
				PRODUCT_BUNDLE_IDENTIFIER = com.cyphereco.cryptoeconomy;
				PRODUCT_NAME = "Crypto Economy";
				SWIFT_VERSION = 5.0;
				TARGETED_DEVICE_FAMILY = 1;
			};
			name = Release;
		};
		BA959611242EFE4800C48B37 /* Debug */ = {
			isa = XCBuildConfiguration;
			buildSettings = {
				ALWAYS_EMBED_SWIFT_STANDARD_LIBRARIES = YES;
				BUNDLE_LOADER = "$(TEST_HOST)";
				CODE_SIGN_STYLE = Automatic;
				DEVELOPMENT_TEAM = P2UPNJ5555;
				INFOPLIST_FILE = cryptoeconomyTests/Info.plist;
				IPHONEOS_DEPLOYMENT_TARGET = 13.4;
				LD_RUNPATH_SEARCH_PATHS = (
					"$(inherited)",
					"@executable_path/Frameworks",
					"@loader_path/Frameworks",
				);
				PRODUCT_BUNDLE_IDENTIFIER = com.cyphereco.cryptoeconomyTests;
				PRODUCT_NAME = "$(TARGET_NAME)";
				SWIFT_VERSION = 5.0;
				TARGETED_DEVICE_FAMILY = "1,2";
				TEST_HOST = "$(BUILT_PRODUCTS_DIR)/cryptoeconomy.app/cryptoeconomy";
			};
			name = Debug;
		};
		BA959612242EFE4800C48B37 /* Release */ = {
			isa = XCBuildConfiguration;
			buildSettings = {
				ALWAYS_EMBED_SWIFT_STANDARD_LIBRARIES = YES;
				BUNDLE_LOADER = "$(TEST_HOST)";
				CODE_SIGN_STYLE = Automatic;
				DEVELOPMENT_TEAM = P2UPNJ5555;
				INFOPLIST_FILE = cryptoeconomyTests/Info.plist;
				IPHONEOS_DEPLOYMENT_TARGET = 13.4;
				LD_RUNPATH_SEARCH_PATHS = (
					"$(inherited)",
					"@executable_path/Frameworks",
					"@loader_path/Frameworks",
				);
				PRODUCT_BUNDLE_IDENTIFIER = com.cyphereco.cryptoeconomyTests;
				PRODUCT_NAME = "$(TARGET_NAME)";
				SWIFT_VERSION = 5.0;
				TARGETED_DEVICE_FAMILY = "1,2";
				TEST_HOST = "$(BUILT_PRODUCTS_DIR)/cryptoeconomy.app/cryptoeconomy";
			};
			name = Release;
		};
		BA959614242EFE4800C48B37 /* Debug */ = {
			isa = XCBuildConfiguration;
			buildSettings = {
				ALWAYS_EMBED_SWIFT_STANDARD_LIBRARIES = YES;
				CODE_SIGN_STYLE = Automatic;
				DEVELOPMENT_TEAM = P2UPNJ5555;
				INFOPLIST_FILE = cryptoeconomyUITests/Info.plist;
				LD_RUNPATH_SEARCH_PATHS = (
					"$(inherited)",
					"@executable_path/Frameworks",
					"@loader_path/Frameworks",
				);
				PRODUCT_BUNDLE_IDENTIFIER = com.cyphereco.cryptoeconomyUITests;
				PRODUCT_NAME = "$(TARGET_NAME)";
				SWIFT_VERSION = 5.0;
				TARGETED_DEVICE_FAMILY = "1,2";
				TEST_TARGET_NAME = cryptoeconomy;
			};
			name = Debug;
		};
		BA959615242EFE4800C48B37 /* Release */ = {
			isa = XCBuildConfiguration;
			buildSettings = {
				ALWAYS_EMBED_SWIFT_STANDARD_LIBRARIES = YES;
				CODE_SIGN_STYLE = Automatic;
				DEVELOPMENT_TEAM = P2UPNJ5555;
				INFOPLIST_FILE = cryptoeconomyUITests/Info.plist;
				LD_RUNPATH_SEARCH_PATHS = (
					"$(inherited)",
					"@executable_path/Frameworks",
					"@loader_path/Frameworks",
				);
				PRODUCT_BUNDLE_IDENTIFIER = com.cyphereco.cryptoeconomyUITests;
				PRODUCT_NAME = "$(TARGET_NAME)";
				SWIFT_VERSION = 5.0;
				TARGETED_DEVICE_FAMILY = "1,2";
				TEST_TARGET_NAME = cryptoeconomy;
			};
			name = Release;
		};
/* End XCBuildConfiguration section */

/* Begin XCConfigurationList section */
		BA9595DE242EFD8800C48B37 /* Build configuration list for PBXProject "cryptoeconomy" */ = {
			isa = XCConfigurationList;
			buildConfigurations = (
				BA95960B242EFE4800C48B37 /* Debug */,
				BA95960C242EFE4800C48B37 /* Release */,
			);
			defaultConfigurationIsVisible = 0;
			defaultConfigurationName = Release;
		};
		BA95960D242EFE4800C48B37 /* Build configuration list for PBXNativeTarget "cryptoeconomy" */ = {
			isa = XCConfigurationList;
			buildConfigurations = (
				BA95960E242EFE4800C48B37 /* Debug */,
				BA95960F242EFE4800C48B37 /* Release */,
			);
			defaultConfigurationIsVisible = 0;
			defaultConfigurationName = Release;
		};
		BA959610242EFE4800C48B37 /* Build configuration list for PBXNativeTarget "cryptoeconomyTests" */ = {
			isa = XCConfigurationList;
			buildConfigurations = (
				BA959611242EFE4800C48B37 /* Debug */,
				BA959612242EFE4800C48B37 /* Release */,
			);
			defaultConfigurationIsVisible = 0;
			defaultConfigurationName = Release;
		};
		BA959613242EFE4800C48B37 /* Build configuration list for PBXNativeTarget "cryptoeconomyUITests" */ = {
			isa = XCConfigurationList;
			buildConfigurations = (
				BA959614242EFE4800C48B37 /* Debug */,
				BA959615242EFE4800C48B37 /* Release */,
			);
			defaultConfigurationIsVisible = 0;
			defaultConfigurationName = Release;
		};
/* End XCConfigurationList section */
	};
	rootObject = BA9595DB242EFD8800C48B37 /* Project object */;
}
