// !$*UTF8*$!
{
	archiveVersion = 1;
	classes = {
	};
	objectVersion = 52;
	objects = {

/* Begin PBXBuildFile section */
		120D82F36F73ED1F7B878EC1 /* Pods_cryptoeconomyTests.framework in Frameworks */ = {isa = PBXBuildFile; fileRef = A7E12DA96DE7FFBDEE7EDF63 /* Pods_cryptoeconomyTests.framework */; };
		A253633E297B90D2367D69DE /* Pods_cryptoeconomy.framework in Frameworks */ = {isa = PBXBuildFile; fileRef = 00A55B951E09EFF25155CDE4 /* Pods_cryptoeconomy.framework */; };
		B23FB949243741A400A2B80F /* Logger.swift in Sources */ = {isa = PBXBuildFile; fileRef = B23FB948243741A400A2B80F /* Logger.swift */; };
		B23FB94B243741BC00A2B80F /* BaseWebService.swift in Sources */ = {isa = PBXBuildFile; fileRef = BA2EEAF02435BEDE00522A63 /* BaseWebService.swift */; };
		B23FB94C243741BC00A2B80F /* BlockChainInfoService.swift in Sources */ = {isa = PBXBuildFile; fileRef = BA2EEAEF2435BEDE00522A63 /* BlockChainInfoService.swift */; };
		B23FB94F2437460C00A2B80F /* BtcUtils.swift in Sources */ = {isa = PBXBuildFile; fileRef = B23FB94E2437460B00A2B80F /* BtcUtils.swift */; };
		B23FB95C2439D35000A2B80F /* UnsignedTx.swift in Sources */ = {isa = PBXBuildFile; fileRef = B23FB95B2439D35000A2B80F /* UnsignedTx.swift */; };
		B23FB95E2439D37C00A2B80F /* BlockCypherService.swift in Sources */ = {isa = PBXBuildFile; fileRef = B23FB95D2439D37C00A2B80F /* BlockCypherService.swift */; };
		B23FB960243ADDC800A2B80F /* Transaction.swift in Sources */ = {isa = PBXBuildFile; fileRef = B23FB95F243ADDC800A2B80F /* Transaction.swift */; };
		B93D4DAD754E2583B041D479 /* Pods_cryptoeconomy_cryptoeconomyUITests.framework in Frameworks */ = {isa = PBXBuildFile; fileRef = 31BE2B99C51B681B9DEFA6F7 /* Pods_cryptoeconomy_cryptoeconomyUITests.framework */; };
		BA1F873C24403BA9003DB110 /* ViewOpenTurnKeyInfo.swift in Sources */ = {isa = PBXBuildFile; fileRef = BA1F873B24403BA9003DB110 /* ViewOpenTurnKeyInfo.swift */; };
		BA1F87402440DCFA003DB110 /* ViewTransactionInformation.swift in Sources */ = {isa = PBXBuildFile; fileRef = BA1F873F2440DCFA003DB110 /* ViewTransactionInformation.swift */; };
		BA1F874224443169003DB110 /* ViewToastMessage.swift in Sources */ = {isa = PBXBuildFile; fileRef = BA1F874124443168003DB110 /* ViewToastMessage.swift */; };
		BA2EEAD52432209400522A63 /* ViewAddressEditor.swift in Sources */ = {isa = PBXBuildFile; fileRef = BA2EEAD42432209400522A63 /* ViewAddressEditor.swift */; };
		BA2EEAD724330E8A00522A63 /* SideMenuPay.swift in Sources */ = {isa = PBXBuildFile; fileRef = BA2EEAD624330E8A00522A63 /* SideMenuPay.swift */; };
		BA2EEAD924330EB300522A63 /* SideMenuOpenTurnKey.swift in Sources */ = {isa = PBXBuildFile; fileRef = BA2EEAD824330EB300522A63 /* SideMenuOpenTurnKey.swift */; };
		BA2EEADB2433110800522A63 /* MenuItem.swift in Sources */ = {isa = PBXBuildFile; fileRef = BA2EEADA2433110800522A63 /* MenuItem.swift */; };
		BA2EEADD2433B07900522A63 /* MenuItemToggle.swift in Sources */ = {isa = PBXBuildFile; fileRef = BA2EEADC2433B07900522A63 /* MenuItemToggle.swift */; };
		BA2EEADF243450F200522A63 /* ConfigLocalCurrency.swift in Sources */ = {isa = PBXBuildFile; fileRef = BA2EEADE243450F200522A63 /* ConfigLocalCurrency.swift */; };
		BA2EEAE324346C6C00522A63 /* ConfigFees.swift in Sources */ = {isa = PBXBuildFile; fileRef = BA2EEAE224346C6C00522A63 /* ConfigFees.swift */; };
		BA2EEAE52434826A00522A63 /* AppConfig.swift in Sources */ = {isa = PBXBuildFile; fileRef = BA2EEAE42434826A00522A63 /* AppConfig.swift */; };
		BA2EEAE72435839E00522A63 /* ListItemAddress.swift in Sources */ = {isa = PBXBuildFile; fileRef = BA2EEAE62435839E00522A63 /* ListItemAddress.swift */; };
		BA2EEAE9243583BF00522A63 /* ListItemTransaction.swift in Sources */ = {isa = PBXBuildFile; fileRef = BA2EEAE8243583BF00522A63 /* ListItemTransaction.swift */; };
		BA3FC538243048AB00F41471 /* PageAddresses.swift in Sources */ = {isa = PBXBuildFile; fileRef = BA3FC537243048AB00F41471 /* PageAddresses.swift */; };
		BA3FC53A2430576100F41471 /* SearchBar.swift in Sources */ = {isa = PBXBuildFile; fileRef = BA3FC5392430576100F41471 /* SearchBar.swift */; };
		BA3FC53C243072BF00F41471 /* PageOpenTurnKey.swift in Sources */ = {isa = PBXBuildFile; fileRef = BA3FC53B243072BF00F41471 /* PageOpenTurnKey.swift */; };
		BA3FC53E2431004D00F41471 /* PagePay.swift in Sources */ = {isa = PBXBuildFile; fileRef = BA3FC53D2431004D00F41471 /* PagePay.swift */; };
		BA3FC5402431006000F41471 /* PageHistory.swift in Sources */ = {isa = PBXBuildFile; fileRef = BA3FC53F2431006000F41471 /* PageHistory.swift */; };
		BA40150A2431CA930094F6CF /* TextFieldBtcAddress.swift in Sources */ = {isa = PBXBuildFile; fileRef = BA4015092431CA910094F6CF /* TextFieldBtcAddress.swift */; };
		BA40150C2431D80C0094F6CF /* TextEstFeesInfo.swift in Sources */ = {isa = PBXBuildFile; fileRef = BA40150B2431D80C0094F6CF /* TextEstFeesInfo.swift */; };
		BA40150E2431E2B70094F6CF /* TextFieldPayAmount.swift in Sources */ = {isa = PBXBuildFile; fileRef = BA40150D2431E2B70094F6CF /* TextFieldPayAmount.swift */; };
		BA4015102431E3950094F6CF /* TextFieldWithBottomLine.swift in Sources */ = {isa = PBXBuildFile; fileRef = BA40150F2431E3950094F6CF /* TextFieldWithBottomLine.swift */; };
		BA7DDBA0243665E50072412F /* AppTools.swift in Sources */ = {isa = PBXBuildFile; fileRef = BA7DDB9F243665E50072412F /* AppTools.swift */; };
		BA9595E7242EFD8800C48B37 /* AppDelegate.swift in Sources */ = {isa = PBXBuildFile; fileRef = BA9595E6242EFD8800C48B37 /* AppDelegate.swift */; };
		BA9595E9242EFD8900C48B37 /* SceneDelegate.swift in Sources */ = {isa = PBXBuildFile; fileRef = BA9595E8242EFD8900C48B37 /* SceneDelegate.swift */; };
		BA9595EB242EFD8900C48B37 /* ContentView.swift in Sources */ = {isa = PBXBuildFile; fileRef = BA9595EA242EFD8900C48B37 /* ContentView.swift */; };
		BA9595ED242EFE4000C48B37 /* Assets.xcassets in Resources */ = {isa = PBXBuildFile; fileRef = BA9595EC242EFE4000C48B37 /* Assets.xcassets */; };
		BA9595F0242EFE4100C48B37 /* Preview Assets.xcassets in Resources */ = {isa = PBXBuildFile; fileRef = BA9595EF242EFE4100C48B37 /* Preview Assets.xcassets */; };
		BA9595F3242EFE4100C48B37 /* LaunchScreen.storyboard in Resources */ = {isa = PBXBuildFile; fileRef = BA9595F1242EFE4100C48B37 /* LaunchScreen.storyboard */; };
		BA9595FE242EFE4800C48B37 /* cryptoeconomyTests.swift in Sources */ = {isa = PBXBuildFile; fileRef = BA9595FD242EFE4800C48B37 /* cryptoeconomyTests.swift */; };
		BA959609242EFE4800C48B37 /* cryptoeconomyUITests.swift in Sources */ = {isa = PBXBuildFile; fileRef = BA959608242EFE4800C48B37 /* cryptoeconomyUITests.swift */; };
		BAADC80C243867F800799FD0 /* AppStrings.swift in Sources */ = {isa = PBXBuildFile; fileRef = BAADC80B243867F800799FD0 /* AppStrings.swift */; };
		BAADC80F24386A6E00799FD0 /* Localizable.strings in Resources */ = {isa = PBXBuildFile; fileRef = BAADC81124386A6E00799FD0 /* Localizable.strings */; };
		BAADC8172439B02B00799FD0 /* OtkNPI.swift in Sources */ = {isa = PBXBuildFile; fileRef = BAADC8162439B02A00799FD0 /* OtkNPI.swift */; };
		BF4ADD4C2445870200BB7A98 /* TransactionViewModel.swift in Sources */ = {isa = PBXBuildFile; fileRef = BF4ADD4B2445870200BB7A98 /* TransactionViewModel.swift */; };
		BF4DC5332441A13B0031FD6C /* BackgroundView.swift in Sources */ = {isa = PBXBuildFile; fileRef = BF4DC5322441A13B0031FD6C /* BackgroundView.swift */; };
		BF524281243E1C2B0063ABAC /* QRCodeGenerateView.swift in Sources */ = {isa = PBXBuildFile; fileRef = BF524280243E1C2B0063ABAC /* QRCodeGenerateView.swift */; };
		BF63FEC62444B4B20094F7EC /* CoreDataModel.xcdatamodeld in Sources */ = {isa = PBXBuildFile; fileRef = BF63FEC42444B4B20094F7EC /* CoreDataModel.xcdatamodeld */; };
		BF63FECB2444BAE70094F7EC /* CoreDataManager.swift in Sources */ = {isa = PBXBuildFile; fileRef = BF63FECA2444BAE70094F7EC /* CoreDataManager.swift */; };
		BF63FECE2444BB330094F7EC /* NSManagedObjectContext.swift in Sources */ = {isa = PBXBuildFile; fileRef = BF63FECD2444BB330094F7EC /* NSManagedObjectContext.swift */; };
		BF63FED02444BDC90094F7EC /* AddressViewModel.swift in Sources */ = {isa = PBXBuildFile; fileRef = BF63FECF2444BDC90094F7EC /* AddressViewModel.swift */; };
		BFEEED9D243F2164009180B8 /* CodeScanner in Frameworks */ = {isa = PBXBuildFile; productRef = BFEEED9C243F2164009180B8 /* CodeScanner */; };
/* End PBXBuildFile section */

/* Begin PBXContainerItemProxy section */
		BA9595FA242EFE4800C48B37 /* PBXContainerItemProxy */ = {
			isa = PBXContainerItemProxy;
			containerPortal = BA9595DB242EFD8800C48B37 /* Project object */;
			proxyType = 1;
			remoteGlobalIDString = BA9595E2242EFD8800C48B37;
			remoteInfo = cryptoeconomy;
		};
		BA959605242EFE4800C48B37 /* PBXContainerItemProxy */ = {
			isa = PBXContainerItemProxy;
			containerPortal = BA9595DB242EFD8800C48B37 /* Project object */;
			proxyType = 1;
			remoteGlobalIDString = BA9595E2242EFD8800C48B37;
			remoteInfo = cryptoeconomy;
		};
/* End PBXContainerItemProxy section */

/* Begin PBXFileReference section */
		00A55B951E09EFF25155CDE4 /* Pods_cryptoeconomy.framework */ = {isa = PBXFileReference; explicitFileType = wrapper.framework; includeInIndex = 0; path = Pods_cryptoeconomy.framework; sourceTree = BUILT_PRODUCTS_DIR; };
		31BE2B99C51B681B9DEFA6F7 /* Pods_cryptoeconomy_cryptoeconomyUITests.framework */ = {isa = PBXFileReference; explicitFileType = wrapper.framework; includeInIndex = 0; path = Pods_cryptoeconomy_cryptoeconomyUITests.framework; sourceTree = BUILT_PRODUCTS_DIR; };
		907830B921C81DD71D12254D /* Pods-cryptoeconomyTests.debug.xcconfig */ = {isa = PBXFileReference; includeInIndex = 1; lastKnownFileType = text.xcconfig; name = "Pods-cryptoeconomyTests.debug.xcconfig"; path = "Target Support Files/Pods-cryptoeconomyTests/Pods-cryptoeconomyTests.debug.xcconfig"; sourceTree = "<group>"; };
		92885B844D8AC773D3F1C1BB /* Pods-cryptoeconomy-cryptoeconomyUITests.release.xcconfig */ = {isa = PBXFileReference; includeInIndex = 1; lastKnownFileType = text.xcconfig; name = "Pods-cryptoeconomy-cryptoeconomyUITests.release.xcconfig"; path = "Target Support Files/Pods-cryptoeconomy-cryptoeconomyUITests/Pods-cryptoeconomy-cryptoeconomyUITests.release.xcconfig"; sourceTree = "<group>"; };
		9D13486EF64B4E1D70875075 /* Pods-cryptoeconomyTests.release.xcconfig */ = {isa = PBXFileReference; includeInIndex = 1; lastKnownFileType = text.xcconfig; name = "Pods-cryptoeconomyTests.release.xcconfig"; path = "Target Support Files/Pods-cryptoeconomyTests/Pods-cryptoeconomyTests.release.xcconfig"; sourceTree = "<group>"; };
		A7E12DA96DE7FFBDEE7EDF63 /* Pods_cryptoeconomyTests.framework */ = {isa = PBXFileReference; explicitFileType = wrapper.framework; includeInIndex = 0; path = Pods_cryptoeconomyTests.framework; sourceTree = BUILT_PRODUCTS_DIR; };
		B23FB948243741A400A2B80F /* Logger.swift */ = {isa = PBXFileReference; fileEncoding = 4; lastKnownFileType = sourcecode.swift; path = Logger.swift; sourceTree = "<group>"; };
		B23FB94E2437460B00A2B80F /* BtcUtils.swift */ = {isa = PBXFileReference; fileEncoding = 4; lastKnownFileType = sourcecode.swift; path = BtcUtils.swift; sourceTree = "<group>"; };
		B23FB95B2439D35000A2B80F /* UnsignedTx.swift */ = {isa = PBXFileReference; lastKnownFileType = sourcecode.swift; path = UnsignedTx.swift; sourceTree = "<group>"; };
		B23FB95D2439D37C00A2B80F /* BlockCypherService.swift */ = {isa = PBXFileReference; lastKnownFileType = sourcecode.swift; path = BlockCypherService.swift; sourceTree = "<group>"; };
		B23FB95F243ADDC800A2B80F /* Transaction.swift */ = {isa = PBXFileReference; lastKnownFileType = sourcecode.swift; path = Transaction.swift; sourceTree = "<group>"; };
		BA1F873B24403BA9003DB110 /* ViewOpenTurnKeyInfo.swift */ = {isa = PBXFileReference; lastKnownFileType = sourcecode.swift; path = ViewOpenTurnKeyInfo.swift; sourceTree = "<group>"; };
		BA1F873F2440DCFA003DB110 /* ViewTransactionInformation.swift */ = {isa = PBXFileReference; lastKnownFileType = sourcecode.swift; path = ViewTransactionInformation.swift; sourceTree = "<group>"; };
		BA1F874124443168003DB110 /* ViewToastMessage.swift */ = {isa = PBXFileReference; lastKnownFileType = sourcecode.swift; path = ViewToastMessage.swift; sourceTree = "<group>"; };
		BA2EEAD42432209400522A63 /* ViewAddressEditor.swift */ = {isa = PBXFileReference; lastKnownFileType = sourcecode.swift; path = ViewAddressEditor.swift; sourceTree = "<group>"; };
		BA2EEAD624330E8A00522A63 /* SideMenuPay.swift */ = {isa = PBXFileReference; lastKnownFileType = sourcecode.swift; path = SideMenuPay.swift; sourceTree = "<group>"; };
		BA2EEAD824330EB300522A63 /* SideMenuOpenTurnKey.swift */ = {isa = PBXFileReference; lastKnownFileType = sourcecode.swift; path = SideMenuOpenTurnKey.swift; sourceTree = "<group>"; };
		BA2EEADA2433110800522A63 /* MenuItem.swift */ = {isa = PBXFileReference; lastKnownFileType = sourcecode.swift; path = MenuItem.swift; sourceTree = "<group>"; };
		BA2EEADC2433B07900522A63 /* MenuItemToggle.swift */ = {isa = PBXFileReference; lastKnownFileType = sourcecode.swift; path = MenuItemToggle.swift; sourceTree = "<group>"; };
		BA2EEADE243450F200522A63 /* ConfigLocalCurrency.swift */ = {isa = PBXFileReference; lastKnownFileType = sourcecode.swift; path = ConfigLocalCurrency.swift; sourceTree = "<group>"; };
		BA2EEAE224346C6C00522A63 /* ConfigFees.swift */ = {isa = PBXFileReference; lastKnownFileType = sourcecode.swift; path = ConfigFees.swift; sourceTree = "<group>"; };
		BA2EEAE42434826A00522A63 /* AppConfig.swift */ = {isa = PBXFileReference; lastKnownFileType = sourcecode.swift; path = AppConfig.swift; sourceTree = "<group>"; };
		BA2EEAE62435839E00522A63 /* ListItemAddress.swift */ = {isa = PBXFileReference; lastKnownFileType = sourcecode.swift; path = ListItemAddress.swift; sourceTree = "<group>"; };
		BA2EEAE8243583BF00522A63 /* ListItemTransaction.swift */ = {isa = PBXFileReference; lastKnownFileType = sourcecode.swift; path = ListItemTransaction.swift; sourceTree = "<group>"; };
		BA2EEAEF2435BEDE00522A63 /* BlockChainInfoService.swift */ = {isa = PBXFileReference; lastKnownFileType = sourcecode.swift; path = BlockChainInfoService.swift; sourceTree = "<group>"; };
		BA2EEAF02435BEDE00522A63 /* BaseWebService.swift */ = {isa = PBXFileReference; lastKnownFileType = sourcecode.swift; path = BaseWebService.swift; sourceTree = "<group>"; };
		BA3FC537243048AB00F41471 /* PageAddresses.swift */ = {isa = PBXFileReference; lastKnownFileType = sourcecode.swift; path = PageAddresses.swift; sourceTree = "<group>"; };
		BA3FC5392430576100F41471 /* SearchBar.swift */ = {isa = PBXFileReference; lastKnownFileType = sourcecode.swift; path = SearchBar.swift; sourceTree = "<group>"; };
		BA3FC53B243072BF00F41471 /* PageOpenTurnKey.swift */ = {isa = PBXFileReference; lastKnownFileType = sourcecode.swift; path = PageOpenTurnKey.swift; sourceTree = "<group>"; };
		BA3FC53D2431004D00F41471 /* PagePay.swift */ = {isa = PBXFileReference; lastKnownFileType = sourcecode.swift; path = PagePay.swift; sourceTree = "<group>"; };
		BA3FC53F2431006000F41471 /* PageHistory.swift */ = {isa = PBXFileReference; lastKnownFileType = sourcecode.swift; path = PageHistory.swift; sourceTree = "<group>"; };
		BA4015092431CA910094F6CF /* TextFieldBtcAddress.swift */ = {isa = PBXFileReference; lastKnownFileType = sourcecode.swift; path = TextFieldBtcAddress.swift; sourceTree = "<group>"; };
		BA40150B2431D80C0094F6CF /* TextEstFeesInfo.swift */ = {isa = PBXFileReference; lastKnownFileType = sourcecode.swift; path = TextEstFeesInfo.swift; sourceTree = "<group>"; };
		BA40150D2431E2B70094F6CF /* TextFieldPayAmount.swift */ = {isa = PBXFileReference; lastKnownFileType = sourcecode.swift; path = TextFieldPayAmount.swift; sourceTree = "<group>"; };
		BA40150F2431E3950094F6CF /* TextFieldWithBottomLine.swift */ = {isa = PBXFileReference; lastKnownFileType = sourcecode.swift; path = TextFieldWithBottomLine.swift; sourceTree = "<group>"; };
		BA7DDB9F243665E50072412F /* AppTools.swift */ = {isa = PBXFileReference; lastKnownFileType = sourcecode.swift; path = AppTools.swift; sourceTree = "<group>"; };
		BA9595E3242EFD8800C48B37 /* Crypto Economy.app */ = {isa = PBXFileReference; explicitFileType = wrapper.application; includeInIndex = 0; path = "Crypto Economy.app"; sourceTree = BUILT_PRODUCTS_DIR; };
		BA9595E6242EFD8800C48B37 /* AppDelegate.swift */ = {isa = PBXFileReference; lastKnownFileType = sourcecode.swift; path = AppDelegate.swift; sourceTree = "<group>"; };
		BA9595E8242EFD8900C48B37 /* SceneDelegate.swift */ = {isa = PBXFileReference; lastKnownFileType = sourcecode.swift; path = SceneDelegate.swift; sourceTree = "<group>"; };
		BA9595EA242EFD8900C48B37 /* ContentView.swift */ = {isa = PBXFileReference; lastKnownFileType = sourcecode.swift; path = ContentView.swift; sourceTree = "<group>"; };
		BA9595EC242EFE4000C48B37 /* Assets.xcassets */ = {isa = PBXFileReference; lastKnownFileType = folder.assetcatalog; path = Assets.xcassets; sourceTree = "<group>"; };
		BA9595EF242EFE4100C48B37 /* Preview Assets.xcassets */ = {isa = PBXFileReference; lastKnownFileType = folder.assetcatalog; path = "Preview Assets.xcassets"; sourceTree = "<group>"; };
		BA9595F2242EFE4100C48B37 /* Base */ = {isa = PBXFileReference; lastKnownFileType = file.storyboard; name = Base; path = Base.lproj/LaunchScreen.storyboard; sourceTree = "<group>"; };
		BA9595F4242EFE4100C48B37 /* Info.plist */ = {isa = PBXFileReference; lastKnownFileType = text.plist.xml; path = Info.plist; sourceTree = "<group>"; };
		BA9595F9242EFE4800C48B37 /* cryptoeconomyTests.xctest */ = {isa = PBXFileReference; explicitFileType = wrapper.cfbundle; includeInIndex = 0; path = cryptoeconomyTests.xctest; sourceTree = BUILT_PRODUCTS_DIR; };
		BA9595FD242EFE4800C48B37 /* cryptoeconomyTests.swift */ = {isa = PBXFileReference; lastKnownFileType = sourcecode.swift; path = cryptoeconomyTests.swift; sourceTree = "<group>"; };
		BA9595FF242EFE4800C48B37 /* Info.plist */ = {isa = PBXFileReference; lastKnownFileType = text.plist.xml; path = Info.plist; sourceTree = "<group>"; };
		BA959604242EFE4800C48B37 /* cryptoeconomyUITests.xctest */ = {isa = PBXFileReference; explicitFileType = wrapper.cfbundle; includeInIndex = 0; path = cryptoeconomyUITests.xctest; sourceTree = BUILT_PRODUCTS_DIR; };
		BA959608242EFE4800C48B37 /* cryptoeconomyUITests.swift */ = {isa = PBXFileReference; lastKnownFileType = sourcecode.swift; path = cryptoeconomyUITests.swift; sourceTree = "<group>"; };
		BA95960A242EFE4800C48B37 /* Info.plist */ = {isa = PBXFileReference; lastKnownFileType = text.plist.xml; path = Info.plist; sourceTree = "<group>"; };
		BAADC80B243867F800799FD0 /* AppStrings.swift */ = {isa = PBXFileReference; lastKnownFileType = sourcecode.swift; path = AppStrings.swift; sourceTree = "<group>"; };
		BAADC81024386A6E00799FD0 /* en */ = {isa = PBXFileReference; lastKnownFileType = text.plist.strings; name = en; path = en.lproj/Localizable.strings; sourceTree = "<group>"; };
		BAADC812243898D600799FD0 /* zh-Hant */ = {isa = PBXFileReference; lastKnownFileType = text.plist.strings; name = "zh-Hant"; path = "zh-Hant.lproj/Localizable.strings"; sourceTree = "<group>"; };
		BAADC8132438B50300799FD0 /* zh-Hans */ = {isa = PBXFileReference; lastKnownFileType = text.plist.strings; name = "zh-Hans"; path = "zh-Hans.lproj/Localizable.strings"; sourceTree = "<group>"; };
		BAADC8142438B50C00799FD0 /* ja */ = {isa = PBXFileReference; lastKnownFileType = text.plist.strings; name = ja; path = ja.lproj/Localizable.strings; sourceTree = "<group>"; };
		BAADC8152439AAA400799FD0 /* Crypto Economy.entitlements */ = {isa = PBXFileReference; lastKnownFileType = text.plist.entitlements; path = "Crypto Economy.entitlements"; sourceTree = "<group>"; };
		BAADC8162439B02A00799FD0 /* OtkNPI.swift */ = {isa = PBXFileReference; fileEncoding = 4; lastKnownFileType = sourcecode.swift; path = OtkNPI.swift; sourceTree = "<group>"; };
		BBA23AD2292FE79FA11FDFAB /* Pods-cryptoeconomy-cryptoeconomyUITests.debug.xcconfig */ = {isa = PBXFileReference; includeInIndex = 1; lastKnownFileType = text.xcconfig; name = "Pods-cryptoeconomy-cryptoeconomyUITests.debug.xcconfig"; path = "Target Support Files/Pods-cryptoeconomy-cryptoeconomyUITests/Pods-cryptoeconomy-cryptoeconomyUITests.debug.xcconfig"; sourceTree = "<group>"; };
		BF02E839243A116200B22FA4 /* libsqlite3.tbd */ = {isa = PBXFileReference; lastKnownFileType = "sourcecode.text-based-dylib-definition"; name = libsqlite3.tbd; path = usr/lib/libsqlite3.tbd; sourceTree = SDKROOT; };
		BF4ADD4B2445870200BB7A98 /* TransactionViewModel.swift */ = {isa = PBXFileReference; lastKnownFileType = sourcecode.swift; path = TransactionViewModel.swift; sourceTree = "<group>"; };
		BF4DC5322441A13B0031FD6C /* BackgroundView.swift */ = {isa = PBXFileReference; lastKnownFileType = sourcecode.swift; path = BackgroundView.swift; sourceTree = "<group>"; };
		BF524280243E1C2B0063ABAC /* QRCodeGenerateView.swift */ = {isa = PBXFileReference; lastKnownFileType = sourcecode.swift; path = QRCodeGenerateView.swift; sourceTree = "<group>"; };
		BF63FEC52444B4B20094F7EC /* CoreDataModel.xcdatamodel */ = {isa = PBXFileReference; lastKnownFileType = wrapper.xcdatamodel; path = CoreDataModel.xcdatamodel; sourceTree = "<group>"; };
		BF63FECA2444BAE70094F7EC /* CoreDataManager.swift */ = {isa = PBXFileReference; lastKnownFileType = sourcecode.swift; path = CoreDataManager.swift; sourceTree = "<group>"; };
		BF63FECD2444BB330094F7EC /* NSManagedObjectContext.swift */ = {isa = PBXFileReference; lastKnownFileType = sourcecode.swift; path = NSManagedObjectContext.swift; sourceTree = "<group>"; };
		BF63FECF2444BDC90094F7EC /* AddressViewModel.swift */ = {isa = PBXFileReference; lastKnownFileType = sourcecode.swift; path = AddressViewModel.swift; sourceTree = "<group>"; };
		CB6220A6989D993B98FB527A /* Pods-cryptoeconomy.release.xcconfig */ = {isa = PBXFileReference; includeInIndex = 1; lastKnownFileType = text.xcconfig; name = "Pods-cryptoeconomy.release.xcconfig"; path = "Target Support Files/Pods-cryptoeconomy/Pods-cryptoeconomy.release.xcconfig"; sourceTree = "<group>"; };
		F4812DC8CA5165C8C96BF4C1 /* Pods-cryptoeconomy.debug.xcconfig */ = {isa = PBXFileReference; includeInIndex = 1; lastKnownFileType = text.xcconfig; name = "Pods-cryptoeconomy.debug.xcconfig"; path = "Target Support Files/Pods-cryptoeconomy/Pods-cryptoeconomy.debug.xcconfig"; sourceTree = "<group>"; };
/* End PBXFileReference section */

/* Begin PBXFrameworksBuildPhase section */
		BA9595E0242EFD8800C48B37 /* Frameworks */ = {
			isa = PBXFrameworksBuildPhase;
			buildActionMask = 2147483647;
			files = (
				A253633E297B90D2367D69DE /* Pods_cryptoeconomy.framework in Frameworks */,
				BFEEED9D243F2164009180B8 /* CodeScanner in Frameworks */,
			);
			runOnlyForDeploymentPostprocessing = 0;
		};
		BA9595F6242EFE4800C48B37 /* Frameworks */ = {
			isa = PBXFrameworksBuildPhase;
			buildActionMask = 2147483647;
			files = (
				120D82F36F73ED1F7B878EC1 /* Pods_cryptoeconomyTests.framework in Frameworks */,
			);
			runOnlyForDeploymentPostprocessing = 0;
		};
		BA959601242EFE4800C48B37 /* Frameworks */ = {
			isa = PBXFrameworksBuildPhase;
			buildActionMask = 2147483647;
			files = (
				B93D4DAD754E2583B041D479 /* Pods_cryptoeconomy_cryptoeconomyUITests.framework in Frameworks */,
			);
			runOnlyForDeploymentPostprocessing = 0;
		};
/* End PBXFrameworksBuildPhase section */

/* Begin PBXGroup section */
		B23FB9472437419400A2B80F /* Logger */ = {
			isa = PBXGroup;
			children = (
				B23FB948243741A400A2B80F /* Logger.swift */,
			);
			name = Logger;
			sourceTree = "<group>";
		};
		B23FB94A243741AB00A2B80F /* WebService */ = {
			isa = PBXGroup;
			children = (
				BA2EEAEF2435BEDE00522A63 /* BlockChainInfoService.swift */,
				BA2EEAF02435BEDE00522A63 /* BaseWebService.swift */,
				B23FB95D2439D37C00A2B80F /* BlockCypherService.swift */,
			);
			name = WebService;
			sourceTree = "<group>";
		};
		B23FB94D243745E400A2B80F /* Utils */ = {
			isa = PBXGroup;
			children = (
				B23FB94E2437460B00A2B80F /* BtcUtils.swift */,
			);
			name = Utils;
			sourceTree = "<group>";
		};
		BA9595DA242EFD8800C48B37 = {
			isa = PBXGroup;
			children = (
				BA9595E5242EFD8800C48B37 /* cryptoeconomy */,
				BA9595FC242EFE4800C48B37 /* cryptoeconomyTests */,
				BA959607242EFE4800C48B37 /* cryptoeconomyUITests */,
				BA9595E4242EFD8800C48B37 /* Products */,
				F19301E28179CD148372AF99 /* Pods */,
				D7A0C895A6A7B1ADC062BF63 /* Frameworks */,
			);
			sourceTree = "<group>";
		};
		BA9595E4242EFD8800C48B37 /* Products */ = {
			isa = PBXGroup;
			children = (
				BA9595E3242EFD8800C48B37 /* Crypto Economy.app */,
				BA9595F9242EFE4800C48B37 /* cryptoeconomyTests.xctest */,
				BA959604242EFE4800C48B37 /* cryptoeconomyUITests.xctest */,
			);
			name = Products;
			sourceTree = "<group>";
		};
		BA9595E5242EFD8800C48B37 /* cryptoeconomy */ = {
			isa = PBXGroup;
			children = (
				BAADC8152439AAA400799FD0 /* Crypto Economy.entitlements */,
				BF63FECC2444BB0F0094F7EC /* Extension */,
				BF63FEC72444B5420094F7EC /* Model */,
				BF63FEC92444BAC10094F7EC /* Managers */,
				B23FB94D243745E400A2B80F /* Utils */,
				B23FB9472437419400A2B80F /* Logger */,
				B23FB94A243741AB00A2B80F /* WebService */,
				BA9595EC242EFE4000C48B37 /* Assets.xcassets */,
				BA9595E6242EFD8800C48B37 /* AppDelegate.swift */,
				BA2EEAE42434826A00522A63 /* AppConfig.swift */,
				BAADC80B243867F800799FD0 /* AppStrings.swift */,
				BA7DDB9F243665E50072412F /* AppTools.swift */,
				BF4DC5322441A13B0031FD6C /* BackgroundView.swift */,
				BA9595EA242EFD8900C48B37 /* ContentView.swift */,
				BA2EEAE224346C6C00522A63 /* ConfigFees.swift */,
				BA2EEADE243450F200522A63 /* ConfigLocalCurrency.swift */,
				BA9595F4242EFE4100C48B37 /* Info.plist */,
				BA9595F1242EFE4100C48B37 /* LaunchScreen.storyboard */,
				BA2EEAE62435839E00522A63 /* ListItemAddress.swift */,
				BA2EEAE8243583BF00522A63 /* ListItemTransaction.swift */,
				BAADC81124386A6E00799FD0 /* Localizable.strings */,
				BA2EEADA2433110800522A63 /* MenuItem.swift */,
				BA2EEADC2433B07900522A63 /* MenuItemToggle.swift */,
				BAADC8162439B02A00799FD0 /* OtkNPI.swift */,
				BA3FC537243048AB00F41471 /* PageAddresses.swift */,
				BA3FC53F2431006000F41471 /* PageHistory.swift */,
				BA3FC53B243072BF00F41471 /* PageOpenTurnKey.swift */,
				BA3FC53D2431004D00F41471 /* PagePay.swift */,
				BF524280243E1C2B0063ABAC /* QRCodeGenerateView.swift */,
				BA3FC5392430576100F41471 /* SearchBar.swift */,
				BA9595E8242EFD8900C48B37 /* SceneDelegate.swift */,
				BA2EEAD624330E8A00522A63 /* SideMenuPay.swift */,
				BA2EEAD824330EB300522A63 /* SideMenuOpenTurnKey.swift */,
				BA40150B2431D80C0094F6CF /* TextEstFeesInfo.swift */,
				BA4015092431CA910094F6CF /* TextFieldBtcAddress.swift */,
				BA40150D2431E2B70094F6CF /* TextFieldPayAmount.swift */,
				BA40150F2431E3950094F6CF /* TextFieldWithBottomLine.swift */,
				BA2EEAD42432209400522A63 /* ViewAddressEditor.swift */,
				BA1F873B24403BA9003DB110 /* ViewOpenTurnKeyInfo.swift */,
				BA1F874124443168003DB110 /* ViewToastMessage.swift */,
				BA1F873F2440DCFA003DB110 /* ViewTransactionInformation.swift */,
				BA9595EE242EFE4100C48B37 /* Preview Content */,
			);
			path = cryptoeconomy;
			sourceTree = "<group>";
		};
		BA9595EE242EFE4100C48B37 /* Preview Content */ = {
			isa = PBXGroup;
			children = (
				BA9595EF242EFE4100C48B37 /* Preview Assets.xcassets */,
			);
			path = "Preview Content";
			sourceTree = "<group>";
		};
		BA9595FC242EFE4800C48B37 /* cryptoeconomyTests */ = {
			isa = PBXGroup;
			children = (
				BA9595FD242EFE4800C48B37 /* cryptoeconomyTests.swift */,
				BA9595FF242EFE4800C48B37 /* Info.plist */,
			);
			path = cryptoeconomyTests;
			sourceTree = "<group>";
		};
		BA959607242EFE4800C48B37 /* cryptoeconomyUITests */ = {
			isa = PBXGroup;
			children = (
				BA959608242EFE4800C48B37 /* cryptoeconomyUITests.swift */,
				BA95960A242EFE4800C48B37 /* Info.plist */,
			);
			path = cryptoeconomyUITests;
			sourceTree = "<group>";
		};
		BF63FEC72444B5420094F7EC /* Model */ = {
			isa = PBXGroup;
			children = (
				B23FB95B2439D35000A2B80F /* UnsignedTx.swift */,
				B23FB95F243ADDC800A2B80F /* Transaction.swift */,
				BF63FEC42444B4B20094F7EC /* CoreDataModel.xcdatamodeld */,
				BF63FECF2444BDC90094F7EC /* AddressViewModel.swift */,
				BF4ADD4B2445870200BB7A98 /* TransactionViewModel.swift */,
			);
			path = Model;
			sourceTree = "<group>";
		};
		BF63FEC92444BAC10094F7EC /* Managers */ = {
			isa = PBXGroup;
			children = (
				BF63FECA2444BAE70094F7EC /* CoreDataManager.swift */,
			);
			path = Managers;
			sourceTree = "<group>";
		};
		BF63FECC2444BB0F0094F7EC /* Extension */ = {
			isa = PBXGroup;
			children = (
				BF63FECD2444BB330094F7EC /* NSManagedObjectContext.swift */,
			);
			path = Extension;
			sourceTree = "<group>";
		};
		D7A0C895A6A7B1ADC062BF63 /* Frameworks */ = {
			isa = PBXGroup;
			children = (
				BF02E839243A116200B22FA4 /* libsqlite3.tbd */,
				00A55B951E09EFF25155CDE4 /* Pods_cryptoeconomy.framework */,
				31BE2B99C51B681B9DEFA6F7 /* Pods_cryptoeconomy_cryptoeconomyUITests.framework */,
				A7E12DA96DE7FFBDEE7EDF63 /* Pods_cryptoeconomyTests.framework */,
			);
			name = Frameworks;
			sourceTree = "<group>";
		};
		F19301E28179CD148372AF99 /* Pods */ = {
			isa = PBXGroup;
			children = (
				F4812DC8CA5165C8C96BF4C1 /* Pods-cryptoeconomy.debug.xcconfig */,
				CB6220A6989D993B98FB527A /* Pods-cryptoeconomy.release.xcconfig */,
				BBA23AD2292FE79FA11FDFAB /* Pods-cryptoeconomy-cryptoeconomyUITests.debug.xcconfig */,
				92885B844D8AC773D3F1C1BB /* Pods-cryptoeconomy-cryptoeconomyUITests.release.xcconfig */,
				907830B921C81DD71D12254D /* Pods-cryptoeconomyTests.debug.xcconfig */,
				9D13486EF64B4E1D70875075 /* Pods-cryptoeconomyTests.release.xcconfig */,
			);
			path = Pods;
			sourceTree = "<group>";
		};
/* End PBXGroup section */

/* Begin PBXNativeTarget section */
		BA9595E2242EFD8800C48B37 /* cryptoeconomy */ = {
			isa = PBXNativeTarget;
			buildConfigurationList = BA95960D242EFE4800C48B37 /* Build configuration list for PBXNativeTarget "cryptoeconomy" */;
			buildPhases = (
				511F05E4D2BC21CDF6BFDC1C /* [CP] Check Pods Manifest.lock */,
				BA9595DF242EFD8800C48B37 /* Sources */,
				BA9595E0242EFD8800C48B37 /* Frameworks */,
				BA9595E1242EFD8800C48B37 /* Resources */,
				B00979E9E1A54F5FCBF2848B /* [CP] Embed Pods Frameworks */,
			);
			buildRules = (
			);
			dependencies = (
			);
			name = cryptoeconomy;
			packageProductDependencies = (
				BFEEED9C243F2164009180B8 /* CodeScanner */,
			);
			productName = cryptoeconomy;
			productReference = BA9595E3242EFD8800C48B37 /* Crypto Economy.app */;
			productType = "com.apple.product-type.application";
		};
		BA9595F8242EFE4800C48B37 /* cryptoeconomyTests */ = {
			isa = PBXNativeTarget;
			buildConfigurationList = BA959610242EFE4800C48B37 /* Build configuration list for PBXNativeTarget "cryptoeconomyTests" */;
			buildPhases = (
				C2FF0AB73BA2CFA421A1662A /* [CP] Check Pods Manifest.lock */,
				BA9595F5242EFE4800C48B37 /* Sources */,
				BA9595F6242EFE4800C48B37 /* Frameworks */,
				BA9595F7242EFE4800C48B37 /* Resources */,
			);
			buildRules = (
			);
			dependencies = (
				BA9595FB242EFE4800C48B37 /* PBXTargetDependency */,
			);
			name = cryptoeconomyTests;
			productName = cryptoeconomyTests;
			productReference = BA9595F9242EFE4800C48B37 /* cryptoeconomyTests.xctest */;
			productType = "com.apple.product-type.bundle.unit-test";
		};
		BA959603242EFE4800C48B37 /* cryptoeconomyUITests */ = {
			isa = PBXNativeTarget;
			buildConfigurationList = BA959613242EFE4800C48B37 /* Build configuration list for PBXNativeTarget "cryptoeconomyUITests" */;
			buildPhases = (
				FE8E14995FFB083ED56CCAA6 /* [CP] Check Pods Manifest.lock */,
				BA959600242EFE4800C48B37 /* Sources */,
				BA959601242EFE4800C48B37 /* Frameworks */,
				BA959602242EFE4800C48B37 /* Resources */,
				2B1E105459C6A4DA87D80894 /* [CP] Embed Pods Frameworks */,
			);
			buildRules = (
			);
			dependencies = (
				BA959606242EFE4800C48B37 /* PBXTargetDependency */,
			);
			name = cryptoeconomyUITests;
			productName = cryptoeconomyUITests;
			productReference = BA959604242EFE4800C48B37 /* cryptoeconomyUITests.xctest */;
			productType = "com.apple.product-type.bundle.ui-testing";
		};
/* End PBXNativeTarget section */

/* Begin PBXProject section */
		BA9595DB242EFD8800C48B37 /* Project object */ = {
			isa = PBXProject;
			attributes = {
				LastSwiftUpdateCheck = 1140;
				LastUpgradeCheck = 1140;
				ORGANIZATIONNAME = "Cyphereco OU";
				TargetAttributes = {
					BA9595E2242EFD8800C48B37 = {
						CreatedOnToolsVersion = 11.4;
					};
					BA9595F8242EFE4800C48B37 = {
						CreatedOnToolsVersion = 11.4;
						TestTargetID = BA9595E2242EFD8800C48B37;
					};
					BA959603242EFE4800C48B37 = {
						CreatedOnToolsVersion = 11.4;
						TestTargetID = BA9595E2242EFD8800C48B37;
					};
				};
			};
			buildConfigurationList = BA9595DE242EFD8800C48B37 /* Build configuration list for PBXProject "cryptoeconomy" */;
			compatibilityVersion = "Xcode 9.3";
			developmentRegion = en;
			hasScannedForEncodings = 0;
			knownRegions = (
				en,
				Base,
				"zh-Hant",
				"zh-Hans",
				ja,
			);
			mainGroup = BA9595DA242EFD8800C48B37;
			packageReferences = (
				BFEEED9B243F2164009180B8 /* XCRemoteSwiftPackageReference "CodeScanner" */,
			);
			productRefGroup = BA9595E4242EFD8800C48B37 /* Products */;
			projectDirPath = "";
			projectRoot = "";
			targets = (
				BA9595E2242EFD8800C48B37 /* cryptoeconomy */,
				BA9595F8242EFE4800C48B37 /* cryptoeconomyTests */,
				BA959603242EFE4800C48B37 /* cryptoeconomyUITests */,
			);
		};
/* End PBXProject section */

/* Begin PBXResourcesBuildPhase section */
		BA9595E1242EFD8800C48B37 /* Resources */ = {
			isa = PBXResourcesBuildPhase;
			buildActionMask = 2147483647;
			files = (
				BA9595F3242EFE4100C48B37 /* LaunchScreen.storyboard in Resources */,
				BAADC80F24386A6E00799FD0 /* Localizable.strings in Resources */,
				BA9595F0242EFE4100C48B37 /* Preview Assets.xcassets in Resources */,
				BA9595ED242EFE4000C48B37 /* Assets.xcassets in Resources */,
			);
			runOnlyForDeploymentPostprocessing = 0;
		};
		BA9595F7242EFE4800C48B37 /* Resources */ = {
			isa = PBXResourcesBuildPhase;
			buildActionMask = 2147483647;
			files = (
			);
			runOnlyForDeploymentPostprocessing = 0;
		};
		BA959602242EFE4800C48B37 /* Resources */ = {
			isa = PBXResourcesBuildPhase;
			buildActionMask = 2147483647;
			files = (
			);
			runOnlyForDeploymentPostprocessing = 0;
		};
/* End PBXResourcesBuildPhase section */

/* Begin PBXShellScriptBuildPhase section */
		2B1E105459C6A4DA87D80894 /* [CP] Embed Pods Frameworks */ = {
			isa = PBXShellScriptBuildPhase;
			buildActionMask = 2147483647;
			files = (
			);
			inputFileListPaths = (
				"${PODS_ROOT}/Target Support Files/Pods-cryptoeconomy-cryptoeconomyUITests/Pods-cryptoeconomy-cryptoeconomyUITests-frameworks-${CONFIGURATION}-input-files.xcfilelist",
			);
			name = "[CP] Embed Pods Frameworks";
			outputFileListPaths = (
				"${PODS_ROOT}/Target Support Files/Pods-cryptoeconomy-cryptoeconomyUITests/Pods-cryptoeconomy-cryptoeconomyUITests-frameworks-${CONFIGURATION}-output-files.xcfilelist",
			);
			runOnlyForDeploymentPostprocessing = 0;
			shellPath = /bin/sh;
			shellScript = "\"${PODS_ROOT}/Target Support Files/Pods-cryptoeconomy-cryptoeconomyUITests/Pods-cryptoeconomy-cryptoeconomyUITests-frameworks.sh\"\n";
			showEnvVarsInLog = 0;
		};
		511F05E4D2BC21CDF6BFDC1C /* [CP] Check Pods Manifest.lock */ = {
			isa = PBXShellScriptBuildPhase;
			buildActionMask = 2147483647;
			files = (
			);
			inputFileListPaths = (
			);
			inputPaths = (
				"${PODS_PODFILE_DIR_PATH}/Podfile.lock",
				"${PODS_ROOT}/Manifest.lock",
			);
			name = "[CP] Check Pods Manifest.lock";
			outputFileListPaths = (
			);
			outputPaths = (
				"$(DERIVED_FILE_DIR)/Pods-cryptoeconomy-checkManifestLockResult.txt",
			);
			runOnlyForDeploymentPostprocessing = 0;
			shellPath = /bin/sh;
			shellScript = "diff \"${PODS_PODFILE_DIR_PATH}/Podfile.lock\" \"${PODS_ROOT}/Manifest.lock\" > /dev/null\nif [ $? != 0 ] ; then\n    # print error to STDERR\n    echo \"error: The sandbox is not in sync with the Podfile.lock. Run 'pod install' or update your CocoaPods installation.\" >&2\n    exit 1\nfi\n# This output is used by Xcode 'outputs' to avoid re-running this script phase.\necho \"SUCCESS\" > \"${SCRIPT_OUTPUT_FILE_0}\"\n";
			showEnvVarsInLog = 0;
		};
		B00979E9E1A54F5FCBF2848B /* [CP] Embed Pods Frameworks */ = {
			isa = PBXShellScriptBuildPhase;
			buildActionMask = 2147483647;
			files = (
			);
			inputFileListPaths = (
				"${PODS_ROOT}/Target Support Files/Pods-cryptoeconomy/Pods-cryptoeconomy-frameworks-${CONFIGURATION}-input-files.xcfilelist",
			);
			name = "[CP] Embed Pods Frameworks";
			outputFileListPaths = (
				"${PODS_ROOT}/Target Support Files/Pods-cryptoeconomy/Pods-cryptoeconomy-frameworks-${CONFIGURATION}-output-files.xcfilelist",
			);
			runOnlyForDeploymentPostprocessing = 0;
			shellPath = /bin/sh;
			shellScript = "\"${PODS_ROOT}/Target Support Files/Pods-cryptoeconomy/Pods-cryptoeconomy-frameworks.sh\"\n";
			showEnvVarsInLog = 0;
		};
		C2FF0AB73BA2CFA421A1662A /* [CP] Check Pods Manifest.lock */ = {
			isa = PBXShellScriptBuildPhase;
			buildActionMask = 2147483647;
			files = (
			);
			inputFileListPaths = (
			);
			inputPaths = (
				"${PODS_PODFILE_DIR_PATH}/Podfile.lock",
				"${PODS_ROOT}/Manifest.lock",
			);
			name = "[CP] Check Pods Manifest.lock";
			outputFileListPaths = (
			);
			outputPaths = (
				"$(DERIVED_FILE_DIR)/Pods-cryptoeconomyTests-checkManifestLockResult.txt",
			);
			runOnlyForDeploymentPostprocessing = 0;
			shellPath = /bin/sh;
			shellScript = "diff \"${PODS_PODFILE_DIR_PATH}/Podfile.lock\" \"${PODS_ROOT}/Manifest.lock\" > /dev/null\nif [ $? != 0 ] ; then\n    # print error to STDERR\n    echo \"error: The sandbox is not in sync with the Podfile.lock. Run 'pod install' or update your CocoaPods installation.\" >&2\n    exit 1\nfi\n# This output is used by Xcode 'outputs' to avoid re-running this script phase.\necho \"SUCCESS\" > \"${SCRIPT_OUTPUT_FILE_0}\"\n";
			showEnvVarsInLog = 0;
		};
		FE8E14995FFB083ED56CCAA6 /* [CP] Check Pods Manifest.lock */ = {
			isa = PBXShellScriptBuildPhase;
			buildActionMask = 2147483647;
			files = (
			);
			inputFileListPaths = (
			);
			inputPaths = (
				"${PODS_PODFILE_DIR_PATH}/Podfile.lock",
				"${PODS_ROOT}/Manifest.lock",
			);
			name = "[CP] Check Pods Manifest.lock";
			outputFileListPaths = (
			);
			outputPaths = (
				"$(DERIVED_FILE_DIR)/Pods-cryptoeconomy-cryptoeconomyUITests-checkManifestLockResult.txt",
			);
			runOnlyForDeploymentPostprocessing = 0;
			shellPath = /bin/sh;
			shellScript = "diff \"${PODS_PODFILE_DIR_PATH}/Podfile.lock\" \"${PODS_ROOT}/Manifest.lock\" > /dev/null\nif [ $? != 0 ] ; then\n    # print error to STDERR\n    echo \"error: The sandbox is not in sync with the Podfile.lock. Run 'pod install' or update your CocoaPods installation.\" >&2\n    exit 1\nfi\n# This output is used by Xcode 'outputs' to avoid re-running this script phase.\necho \"SUCCESS\" > \"${SCRIPT_OUTPUT_FILE_0}\"\n";
			showEnvVarsInLog = 0;
		};
/* End PBXShellScriptBuildPhase section */

/* Begin PBXSourcesBuildPhase section */
		BA9595DF242EFD8800C48B37 /* Sources */ = {
			isa = PBXSourcesBuildPhase;
			buildActionMask = 2147483647;
			files = (
				BA40150C2431D80C0094F6CF /* TextEstFeesInfo.swift in Sources */,
				BA2EEAE52434826A00522A63 /* AppConfig.swift in Sources */,
				BA3FC53E2431004D00F41471 /* PagePay.swift in Sources */,
				BA4015102431E3950094F6CF /* TextFieldWithBottomLine.swift in Sources */,
				BA2EEADD2433B07900522A63 /* MenuItemToggle.swift in Sources */,
				BA9595E7242EFD8800C48B37 /* AppDelegate.swift in Sources */,
				BA2EEAD52432209400522A63 /* ViewAddressEditor.swift in Sources */,
				B23FB94F2437460C00A2B80F /* BtcUtils.swift in Sources */,
				BA3FC53C243072BF00F41471 /* PageOpenTurnKey.swift in Sources */,
				BA3FC5402431006000F41471 /* PageHistory.swift in Sources */,
				B23FB95E2439D37C00A2B80F /* BlockCypherService.swift in Sources */,
				BF63FECE2444BB330094F7EC /* NSManagedObjectContext.swift in Sources */,
				BAADC80C243867F800799FD0 /* AppStrings.swift in Sources */,
				BF63FEC62444B4B20094F7EC /* CoreDataModel.xcdatamodeld in Sources */,
				BA7DDBA0243665E50072412F /* AppTools.swift in Sources */,
				BA2EEAE72435839E00522A63 /* ListItemAddress.swift in Sources */,
				BA40150A2431CA930094F6CF /* TextFieldBtcAddress.swift in Sources */,
				BF524281243E1C2B0063ABAC /* QRCodeGenerateView.swift in Sources */,
				BF4DC5332441A13B0031FD6C /* BackgroundView.swift in Sources */,
				BA1F87402440DCFA003DB110 /* ViewTransactionInformation.swift in Sources */,
				BA2EEAE9243583BF00522A63 /* ListItemTransaction.swift in Sources */,
				BA2EEAD924330EB300522A63 /* SideMenuOpenTurnKey.swift in Sources */,
				BF63FECB2444BAE70094F7EC /* CoreDataManager.swift in Sources */,
				B23FB960243ADDC800A2B80F /* Transaction.swift in Sources */,
				BA2EEADF243450F200522A63 /* ConfigLocalCurrency.swift in Sources */,
				BA2EEAE324346C6C00522A63 /* ConfigFees.swift in Sources */,
				BA3FC538243048AB00F41471 /* PageAddresses.swift in Sources */,
				B23FB95C2439D35000A2B80F /* UnsignedTx.swift in Sources */,
				BA1F874224443169003DB110 /* ViewToastMessage.swift in Sources */,
				BA2EEAD724330E8A00522A63 /* SideMenuPay.swift in Sources */,
				BA40150E2431E2B70094F6CF /* TextFieldPayAmount.swift in Sources */,
				B23FB949243741A400A2B80F /* Logger.swift in Sources */,
				BF63FED02444BDC90094F7EC /* AddressViewModel.swift in Sources */,
				B23FB94B243741BC00A2B80F /* BaseWebService.swift in Sources */,
				B23FB94C243741BC00A2B80F /* BlockChainInfoService.swift in Sources */,
				BA3FC53A2430576100F41471 /* SearchBar.swift in Sources */,
				BA1F873C24403BA9003DB110 /* ViewOpenTurnKeyInfo.swift in Sources */,
				BA2EEADB2433110800522A63 /* MenuItem.swift in Sources */,
				BA9595E9242EFD8900C48B37 /* SceneDelegate.swift in Sources */,
				BAADC8172439B02B00799FD0 /* OtkNPI.swift in Sources */,
				BA9595EB242EFD8900C48B37 /* ContentView.swift in Sources */,
				BF4ADD4C2445870200BB7A98 /* TransactionViewModel.swift in Sources */,
			);
			runOnlyForDeploymentPostprocessing = 0;
		};
		BA9595F5242EFE4800C48B37 /* Sources */ = {
			isa = PBXSourcesBuildPhase;
			buildActionMask = 2147483647;
			files = (
				BA9595FE242EFE4800C48B37 /* cryptoeconomyTests.swift in Sources */,
			);
			runOnlyForDeploymentPostprocessing = 0;
		};
		BA959600242EFE4800C48B37 /* Sources */ = {
			isa = PBXSourcesBuildPhase;
			buildActionMask = 2147483647;
			files = (
				BA959609242EFE4800C48B37 /* cryptoeconomyUITests.swift in Sources */,
			);
			runOnlyForDeploymentPostprocessing = 0;
		};
/* End PBXSourcesBuildPhase section */

/* Begin PBXTargetDependency section */
		BA9595FB242EFE4800C48B37 /* PBXTargetDependency */ = {
			isa = PBXTargetDependency;
			target = BA9595E2242EFD8800C48B37 /* cryptoeconomy */;
			targetProxy = BA9595FA242EFE4800C48B37 /* PBXContainerItemProxy */;
		};
		BA959606242EFE4800C48B37 /* PBXTargetDependency */ = {
			isa = PBXTargetDependency;
			target = BA9595E2242EFD8800C48B37 /* cryptoeconomy */;
			targetProxy = BA959605242EFE4800C48B37 /* PBXContainerItemProxy */;
		};
/* End PBXTargetDependency section */

/* Begin PBXVariantGroup section */
		BA9595F1242EFE4100C48B37 /* LaunchScreen.storyboard */ = {
			isa = PBXVariantGroup;
			children = (
				BA9595F2242EFE4100C48B37 /* Base */,
			);
			name = LaunchScreen.storyboard;
			sourceTree = "<group>";
		};
		BAADC81124386A6E00799FD0 /* Localizable.strings */ = {
			isa = PBXVariantGroup;
			children = (
				BAADC81024386A6E00799FD0 /* en */,
				BAADC812243898D600799FD0 /* zh-Hant */,
				BAADC8132438B50300799FD0 /* zh-Hans */,
				BAADC8142438B50C00799FD0 /* ja */,
			);
			name = Localizable.strings;
			sourceTree = "<group>";
		};
/* End PBXVariantGroup section */

/* Begin XCBuildConfiguration section */
		BA95960B242EFE4800C48B37 /* Debug */ = {
			isa = XCBuildConfiguration;
			buildSettings = {
				ALWAYS_SEARCH_USER_PATHS = NO;
				CLANG_ANALYZER_LOCALIZABILITY_NONLOCALIZED = YES;
				CLANG_ANALYZER_NONNULL = YES;
				CLANG_ANALYZER_NUMBER_OBJECT_CONVERSION = YES_AGGRESSIVE;
				CLANG_CXX_LANGUAGE_STANDARD = "gnu++14";
				CLANG_CXX_LIBRARY = "libc++";
				CLANG_ENABLE_MODULES = YES;
				CLANG_ENABLE_OBJC_ARC = YES;
				CLANG_ENABLE_OBJC_WEAK = YES;
				CLANG_WARN_BLOCK_CAPTURE_AUTORELEASING = YES;
				CLANG_WARN_BOOL_CONVERSION = YES;
				CLANG_WARN_COMMA = YES;
				CLANG_WARN_CONSTANT_CONVERSION = YES;
				CLANG_WARN_DEPRECATED_OBJC_IMPLEMENTATIONS = YES;
				CLANG_WARN_DIRECT_OBJC_ISA_USAGE = YES_ERROR;
				CLANG_WARN_DOCUMENTATION_COMMENTS = YES;
				CLANG_WARN_EMPTY_BODY = YES;
				CLANG_WARN_ENUM_CONVERSION = YES;
				CLANG_WARN_INFINITE_RECURSION = YES;
				CLANG_WARN_INT_CONVERSION = YES;
				CLANG_WARN_NON_LITERAL_NULL_CONVERSION = YES;
				CLANG_WARN_OBJC_IMPLICIT_RETAIN_SELF = YES;
				CLANG_WARN_OBJC_LITERAL_CONVERSION = YES;
				CLANG_WARN_OBJC_ROOT_CLASS = YES_ERROR;
				CLANG_WARN_RANGE_LOOP_ANALYSIS = YES;
				CLANG_WARN_STRICT_PROTOTYPES = YES;
				CLANG_WARN_SUSPICIOUS_MOVE = YES;
				CLANG_WARN_UNGUARDED_AVAILABILITY = YES_AGGRESSIVE;
				CLANG_WARN_UNREACHABLE_CODE = YES;
				CLANG_WARN__DUPLICATE_METHOD_MATCH = YES;
				COPY_PHASE_STRIP = NO;
				DEBUG_INFORMATION_FORMAT = dwarf;
				ENABLE_STRICT_OBJC_MSGSEND = YES;
				ENABLE_TESTABILITY = YES;
				GCC_C_LANGUAGE_STANDARD = gnu11;
				GCC_DYNAMIC_NO_PIC = NO;
				GCC_NO_COMMON_BLOCKS = YES;
				GCC_OPTIMIZATION_LEVEL = 0;
				GCC_PREPROCESSOR_DEFINITIONS = (
					"DEBUG=1",
					"$(inherited)",
				);
				GCC_WARN_64_TO_32_BIT_CONVERSION = YES;
				GCC_WARN_ABOUT_RETURN_TYPE = YES_ERROR;
				GCC_WARN_UNDECLARED_SELECTOR = YES;
				GCC_WARN_UNINITIALIZED_AUTOS = YES_AGGRESSIVE;
				GCC_WARN_UNUSED_FUNCTION = YES;
				GCC_WARN_UNUSED_VARIABLE = YES;
				IPHONEOS_DEPLOYMENT_TARGET = 13.0;
				MTL_ENABLE_DEBUG_INFO = INCLUDE_SOURCE;
				MTL_FAST_MATH = YES;
				ONLY_ACTIVE_ARCH = YES;
				SDKROOT = iphoneos;
				SWIFT_ACTIVE_COMPILATION_CONDITIONS = DEBUG;
				SWIFT_OPTIMIZATION_LEVEL = "-Onone";
			};
			name = Debug;
		};
		BA95960C242EFE4800C48B37 /* Release */ = {
			isa = XCBuildConfiguration;
			buildSettings = {
				ALWAYS_SEARCH_USER_PATHS = NO;
				CLANG_ANALYZER_LOCALIZABILITY_NONLOCALIZED = YES;
				CLANG_ANALYZER_NONNULL = YES;
				CLANG_ANALYZER_NUMBER_OBJECT_CONVERSION = YES_AGGRESSIVE;
				CLANG_CXX_LANGUAGE_STANDARD = "gnu++14";
				CLANG_CXX_LIBRARY = "libc++";
				CLANG_ENABLE_MODULES = YES;
				CLANG_ENABLE_OBJC_ARC = YES;
				CLANG_ENABLE_OBJC_WEAK = YES;
				CLANG_WARN_BLOCK_CAPTURE_AUTORELEASING = YES;
				CLANG_WARN_BOOL_CONVERSION = YES;
				CLANG_WARN_COMMA = YES;
				CLANG_WARN_CONSTANT_CONVERSION = YES;
				CLANG_WARN_DEPRECATED_OBJC_IMPLEMENTATIONS = YES;
				CLANG_WARN_DIRECT_OBJC_ISA_USAGE = YES_ERROR;
				CLANG_WARN_DOCUMENTATION_COMMENTS = YES;
				CLANG_WARN_EMPTY_BODY = YES;
				CLANG_WARN_ENUM_CONVERSION = YES;
				CLANG_WARN_INFINITE_RECURSION = YES;
				CLANG_WARN_INT_CONVERSION = YES;
				CLANG_WARN_NON_LITERAL_NULL_CONVERSION = YES;
				CLANG_WARN_OBJC_IMPLICIT_RETAIN_SELF = YES;
				CLANG_WARN_OBJC_LITERAL_CONVERSION = YES;
				CLANG_WARN_OBJC_ROOT_CLASS = YES_ERROR;
				CLANG_WARN_RANGE_LOOP_ANALYSIS = YES;
				CLANG_WARN_STRICT_PROTOTYPES = YES;
				CLANG_WARN_SUSPICIOUS_MOVE = YES;
				CLANG_WARN_UNGUARDED_AVAILABILITY = YES_AGGRESSIVE;
				CLANG_WARN_UNREACHABLE_CODE = YES;
				CLANG_WARN__DUPLICATE_METHOD_MATCH = YES;
				COPY_PHASE_STRIP = NO;
				DEBUG_INFORMATION_FORMAT = "dwarf-with-dsym";
				ENABLE_NS_ASSERTIONS = NO;
				ENABLE_STRICT_OBJC_MSGSEND = YES;
				GCC_C_LANGUAGE_STANDARD = gnu11;
				GCC_NO_COMMON_BLOCKS = YES;
				GCC_WARN_64_TO_32_BIT_CONVERSION = YES;
				GCC_WARN_ABOUT_RETURN_TYPE = YES_ERROR;
				GCC_WARN_UNDECLARED_SELECTOR = YES;
				GCC_WARN_UNINITIALIZED_AUTOS = YES_AGGRESSIVE;
				GCC_WARN_UNUSED_FUNCTION = YES;
				GCC_WARN_UNUSED_VARIABLE = YES;
				IPHONEOS_DEPLOYMENT_TARGET = 13.0;
				MTL_ENABLE_DEBUG_INFO = NO;
				MTL_FAST_MATH = YES;
				SDKROOT = iphoneos;
				SWIFT_COMPILATION_MODE = wholemodule;
				SWIFT_OPTIMIZATION_LEVEL = "-O";
				VALIDATE_PRODUCT = YES;
			};
			name = Release;
		};
		BA95960E242EFE4800C48B37 /* Debug */ = {
			isa = XCBuildConfiguration;
			baseConfigurationReference = F4812DC8CA5165C8C96BF4C1 /* Pods-cryptoeconomy.debug.xcconfig */;
			buildSettings = {
				ASSETCATALOG_COMPILER_APPICON_NAME = AppIcon;
				CODE_SIGN_ENTITLEMENTS = "cryptoeconomy/Crypto Economy.entitlements";
				CODE_SIGN_STYLE = Automatic;
				DEVELOPMENT_ASSET_PATHS = "\"cryptoeconomy/Preview Content\"";
				DEVELOPMENT_TEAM = P2UPNJ5555;
				ENABLE_PREVIEWS = YES;
				INFOPLIST_FILE = cryptoeconomy/Info.plist;
				IPHONEOS_DEPLOYMENT_TARGET = 13.0;
				LD_RUNPATH_SEARCH_PATHS = (
					"$(inherited)",
					"@executable_path/Frameworks",
				);
				PRODUCT_BUNDLE_IDENTIFIER = "com.cyphereco.crypto-economy";
				PRODUCT_NAME = "Crypto Economy";
				SWIFT_OBJC_BRIDGING_HEADER = "";
				SWIFT_VERSION = 5.0;
				TARGETED_DEVICE_FAMILY = 1;
			};
			name = Debug;
		};
		BA95960F242EFE4800C48B37 /* Release */ = {
			isa = XCBuildConfiguration;
			baseConfigurationReference = CB6220A6989D993B98FB527A /* Pods-cryptoeconomy.release.xcconfig */;
			buildSettings = {
				ASSETCATALOG_COMPILER_APPICON_NAME = AppIcon;
				CODE_SIGN_ENTITLEMENTS = "cryptoeconomy/Crypto Economy.entitlements";
				CODE_SIGN_STYLE = Automatic;
				DEVELOPMENT_ASSET_PATHS = "\"cryptoeconomy/Preview Content\"";
				DEVELOPMENT_TEAM = P2UPNJ5555;
				ENABLE_PREVIEWS = YES;
				INFOPLIST_FILE = cryptoeconomy/Info.plist;
				IPHONEOS_DEPLOYMENT_TARGET = 13.0;
				LD_RUNPATH_SEARCH_PATHS = (
					"$(inherited)",
					"@executable_path/Frameworks",
				);
				PRODUCT_BUNDLE_IDENTIFIER = "com.cyphereco.crypto-economy";
				PRODUCT_NAME = "Crypto Economy";
				SWIFT_OBJC_BRIDGING_HEADER = "";
				SWIFT_VERSION = 5.0;
				TARGETED_DEVICE_FAMILY = 1;
			};
			name = Release;
		};
		BA959611242EFE4800C48B37 /* Debug */ = {
			isa = XCBuildConfiguration;
			baseConfigurationReference = 907830B921C81DD71D12254D /* Pods-cryptoeconomyTests.debug.xcconfig */;
			buildSettings = {
				ALWAYS_EMBED_SWIFT_STANDARD_LIBRARIES = YES;
				BUNDLE_LOADER = "$(TEST_HOST)";
				CODE_SIGN_STYLE = Automatic;
				DEVELOPMENT_TEAM = P2UPNJ5555;
				INFOPLIST_FILE = cryptoeconomyTests/Info.plist;
				IPHONEOS_DEPLOYMENT_TARGET = 13.4;
				LD_RUNPATH_SEARCH_PATHS = (
					"$(inherited)",
					"@executable_path/Frameworks",
					"@loader_path/Frameworks",
				);
				PRODUCT_BUNDLE_IDENTIFIER = com.cyphereco.cryptoeconomyTests;
				PRODUCT_NAME = "$(TARGET_NAME)";
				SWIFT_VERSION = 5.0;
				TARGETED_DEVICE_FAMILY = "1,2";
				TEST_HOST = "$(BUILT_PRODUCTS_DIR)/cryptoeconomy.app/cryptoeconomy";
			};
			name = Debug;
		};
		BA959612242EFE4800C48B37 /* Release */ = {
			isa = XCBuildConfiguration;
			baseConfigurationReference = 9D13486EF64B4E1D70875075 /* Pods-cryptoeconomyTests.release.xcconfig */;
			buildSettings = {
				ALWAYS_EMBED_SWIFT_STANDARD_LIBRARIES = YES;
				BUNDLE_LOADER = "$(TEST_HOST)";
				CODE_SIGN_STYLE = Automatic;
				DEVELOPMENT_TEAM = P2UPNJ5555;
				INFOPLIST_FILE = cryptoeconomyTests/Info.plist;
				IPHONEOS_DEPLOYMENT_TARGET = 13.4;
				LD_RUNPATH_SEARCH_PATHS = (
					"$(inherited)",
					"@executable_path/Frameworks",
					"@loader_path/Frameworks",
				);
				PRODUCT_BUNDLE_IDENTIFIER = com.cyphereco.cryptoeconomyTests;
				PRODUCT_NAME = "$(TARGET_NAME)";
				SWIFT_VERSION = 5.0;
				TARGETED_DEVICE_FAMILY = "1,2";
				TEST_HOST = "$(BUILT_PRODUCTS_DIR)/cryptoeconomy.app/cryptoeconomy";
			};
			name = Release;
		};
		BA959614242EFE4800C48B37 /* Debug */ = {
			isa = XCBuildConfiguration;
			baseConfigurationReference = BBA23AD2292FE79FA11FDFAB /* Pods-cryptoeconomy-cryptoeconomyUITests.debug.xcconfig */;
			buildSettings = {
				ALWAYS_EMBED_SWIFT_STANDARD_LIBRARIES = YES;
				CODE_SIGN_STYLE = Automatic;
				DEVELOPMENT_TEAM = P2UPNJ5555;
				INFOPLIST_FILE = cryptoeconomyUITests/Info.plist;
				LD_RUNPATH_SEARCH_PATHS = (
					"$(inherited)",
					"@executable_path/Frameworks",
					"@loader_path/Frameworks",
				);
				PRODUCT_BUNDLE_IDENTIFIER = com.cyphereco.cryptoeconomyUITests;
				PRODUCT_NAME = "$(TARGET_NAME)";
				SWIFT_VERSION = 5.0;
				TARGETED_DEVICE_FAMILY = "1,2";
				TEST_TARGET_NAME = cryptoeconomy;
			};
			name = Debug;
		};
		BA959615242EFE4800C48B37 /* Release */ = {
			isa = XCBuildConfiguration;
			baseConfigurationReference = 92885B844D8AC773D3F1C1BB /* Pods-cryptoeconomy-cryptoeconomyUITests.release.xcconfig */;
			buildSettings = {
				ALWAYS_EMBED_SWIFT_STANDARD_LIBRARIES = YES;
				CODE_SIGN_STYLE = Automatic;
				DEVELOPMENT_TEAM = P2UPNJ5555;
				INFOPLIST_FILE = cryptoeconomyUITests/Info.plist;
				LD_RUNPATH_SEARCH_PATHS = (
					"$(inherited)",
					"@executable_path/Frameworks",
					"@loader_path/Frameworks",
				);
				PRODUCT_BUNDLE_IDENTIFIER = com.cyphereco.cryptoeconomyUITests;
				PRODUCT_NAME = "$(TARGET_NAME)";
				SWIFT_VERSION = 5.0;
				TARGETED_DEVICE_FAMILY = "1,2";
				TEST_TARGET_NAME = cryptoeconomy;
			};
			name = Release;
		};
/* End XCBuildConfiguration section */

/* Begin XCConfigurationList section */
		BA9595DE242EFD8800C48B37 /* Build configuration list for PBXProject "cryptoeconomy" */ = {
			isa = XCConfigurationList;
			buildConfigurations = (
				BA95960B242EFE4800C48B37 /* Debug */,
				BA95960C242EFE4800C48B37 /* Release */,
			);
			defaultConfigurationIsVisible = 0;
			defaultConfigurationName = Release;
		};
		BA95960D242EFE4800C48B37 /* Build configuration list for PBXNativeTarget "cryptoeconomy" */ = {
			isa = XCConfigurationList;
			buildConfigurations = (
				BA95960E242EFE4800C48B37 /* Debug */,
				BA95960F242EFE4800C48B37 /* Release */,
			);
			defaultConfigurationIsVisible = 0;
			defaultConfigurationName = Release;
		};
		BA959610242EFE4800C48B37 /* Build configuration list for PBXNativeTarget "cryptoeconomyTests" */ = {
			isa = XCConfigurationList;
			buildConfigurations = (
				BA959611242EFE4800C48B37 /* Debug */,
				BA959612242EFE4800C48B37 /* Release */,
			);
			defaultConfigurationIsVisible = 0;
			defaultConfigurationName = Release;
		};
		BA959613242EFE4800C48B37 /* Build configuration list for PBXNativeTarget "cryptoeconomyUITests" */ = {
			isa = XCConfigurationList;
			buildConfigurations = (
				BA959614242EFE4800C48B37 /* Debug */,
				BA959615242EFE4800C48B37 /* Release */,
			);
			defaultConfigurationIsVisible = 0;
			defaultConfigurationName = Release;
		};
/* End XCConfigurationList section */

/* Begin XCRemoteSwiftPackageReference section */
		BFEEED9B243F2164009180B8 /* XCRemoteSwiftPackageReference "CodeScanner" */ = {
			isa = XCRemoteSwiftPackageReference;
			repositoryURL = "https://github.com/twostraws/CodeScanner";
			requirement = {
				kind = upToNextMajorVersion;
				minimumVersion = 1.0.3;
			};
		};
/* End XCRemoteSwiftPackageReference section */

/* Begin XCSwiftPackageProductDependency section */
		BFEEED9C243F2164009180B8 /* CodeScanner */ = {
			isa = XCSwiftPackageProductDependency;
			package = BFEEED9B243F2164009180B8 /* XCRemoteSwiftPackageReference "CodeScanner" */;
			productName = CodeScanner;
		};
/* End XCSwiftPackageProductDependency section */

/* Begin XCVersionGroup section */
		BF63FEC42444B4B20094F7EC /* CoreDataModel.xcdatamodeld */ = {
			isa = XCVersionGroup;
			children = (
				BF63FEC52444B4B20094F7EC /* CoreDataModel.xcdatamodel */,
			);
			currentVersion = BF63FEC52444B4B20094F7EC /* CoreDataModel.xcdatamodel */;
			path = CoreDataModel.xcdatamodeld;
			sourceTree = "<group>";
			versionGroupType = wrapper.xcdatamodel;
		};
/* End XCVersionGroup section */
	};
	rootObject = BA9595DB242EFD8800C48B37 /* Project object */;
}
